// !$*UTF8*$!
{
	archiveVersion = 1;
	classes = {
	};
	objectVersion = 46;
	objects = {

/* Begin PBXBuildFile section */
		91443A0E1B16508D00AA5920 /* AppDelegate.swift in Sources */ = {isa = PBXBuildFile; fileRef = 91443A0D1B16508D00AA5920 /* AppDelegate.swift */; };
		91443A131B16508D00AA5920 /* Main.storyboard in Resources */ = {isa = PBXBuildFile; fileRef = 91443A111B16508D00AA5920 /* Main.storyboard */; };
		91443A151B16508D00AA5920 /* Images.xcassets in Resources */ = {isa = PBXBuildFile; fileRef = 91443A141B16508D00AA5920 /* Images.xcassets */; };
		91443A181B16508E00AA5920 /* LaunchScreen.xib in Resources */ = {isa = PBXBuildFile; fileRef = 91443A161B16508E00AA5920 /* LaunchScreen.xib */; };
		91443A241B16508E00AA5920 /* AlbumArtTests.swift in Sources */ = {isa = PBXBuildFile; fileRef = 91443A231B16508E00AA5920 /* AlbumArtTests.swift */; };
		91443A2E1B16511B00AA5920 /* AlbumArtViewController.swift in Sources */ = {isa = PBXBuildFile; fileRef = 91443A2D1B16511B00AA5920 /* AlbumArtViewController.swift */; };
		917B1D401B16B73D00BE9BF3 /* Requests.swift in Sources */ = {isa = PBXBuildFile; fileRef = 917B1D3F1B16B73D00BE9BF3 /* Requests.swift */; };
/* End PBXBuildFile section */

/* Begin PBXContainerItemProxy section */
		91443A1E1B16508E00AA5920 /* PBXContainerItemProxy */ = {
			isa = PBXContainerItemProxy;
			containerPortal = 91443A001B16508D00AA5920 /* Project object */;
			proxyType = 1;
			remoteGlobalIDString = 91443A071B16508D00AA5920;
			remoteInfo = AlbumArt;
		};
/* End PBXContainerItemProxy section */

/* Begin PBXFileReference section */
		91443A081B16508D00AA5920 /* AlbumArt.app */ = {isa = PBXFileReference; explicitFileType = wrapper.application; includeInIndex = 0; path = AlbumArt.app; sourceTree = BUILT_PRODUCTS_DIR; };
		91443A0C1B16508D00AA5920 /* Info.plist */ = {isa = PBXFileReference; lastKnownFileType = text.plist.xml; path = Info.plist; sourceTree = "<group>"; };
		91443A0D1B16508D00AA5920 /* AppDelegate.swift */ = {isa = PBXFileReference; lastKnownFileType = sourcecode.swift; path = AppDelegate.swift; sourceTree = "<group>"; };
		91443A121B16508D00AA5920 /* Base */ = {isa = PBXFileReference; lastKnownFileType = file.storyboard; name = Base; path = Base.lproj/Main.storyboard; sourceTree = "<group>"; };
		91443A141B16508D00AA5920 /* Images.xcassets */ = {isa = PBXFileReference; lastKnownFileType = folder.assetcatalog; path = Images.xcassets; sourceTree = "<group>"; };
		91443A171B16508E00AA5920 /* Base */ = {isa = PBXFileReference; lastKnownFileType = file.xib; name = Base; path = Base.lproj/LaunchScreen.xib; sourceTree = "<group>"; };
		91443A1D1B16508E00AA5920 /* AlbumArtTests.xctest */ = {isa = PBXFileReference; explicitFileType = wrapper.cfbundle; includeInIndex = 0; path = AlbumArtTests.xctest; sourceTree = BUILT_PRODUCTS_DIR; };
		91443A221B16508E00AA5920 /* Info.plist */ = {isa = PBXFileReference; lastKnownFileType = text.plist.xml; path = Info.plist; sourceTree = "<group>"; };
		91443A231B16508E00AA5920 /* AlbumArtTests.swift */ = {isa = PBXFileReference; lastKnownFileType = sourcecode.swift; path = AlbumArtTests.swift; sourceTree = "<group>"; };
		91443A2D1B16511B00AA5920 /* AlbumArtViewController.swift */ = {isa = PBXFileReference; fileEncoding = 4; lastKnownFileType = sourcecode.swift; path = AlbumArtViewController.swift; sourceTree = "<group>"; };
		917B1D3F1B16B73D00BE9BF3 /* Requests.swift */ = {isa = PBXFileReference; fileEncoding = 4; lastKnownFileType = sourcecode.swift; path = Requests.swift; sourceTree = "<group>"; };
/* End PBXFileReference section */

/* Begin PBXFrameworksBuildPhase section */
		91443A051B16508D00AA5920 /* Frameworks */ = {
			isa = PBXFrameworksBuildPhase;
			buildActionMask = 2147483647;
			files = (
			);
			runOnlyForDeploymentPostprocessing = 0;
		};
		91443A1A1B16508E00AA5920 /* Frameworks */ = {
			isa = PBXFrameworksBuildPhase;
			buildActionMask = 2147483647;
			files = (
			);
			runOnlyForDeploymentPostprocessing = 0;
		};
/* End PBXFrameworksBuildPhase section */

/* Begin PBXGroup section */
		914439FF1B16508D00AA5920 = {
			isa = PBXGroup;
			children = (
				91443A0A1B16508D00AA5920 /* AlbumArt */,
				91443A201B16508E00AA5920 /* AlbumArtTests */,
				91443A091B16508D00AA5920 /* Products */,
			);
			sourceTree = "<group>";
		};
		91443A091B16508D00AA5920 /* Products */ = {
			isa = PBXGroup;
			children = (
				91443A081B16508D00AA5920 /* AlbumArt.app */,
				91443A1D1B16508E00AA5920 /* AlbumArtTests.xctest */,
			);
			name = Products;
			sourceTree = "<group>";
		};
		91443A0A1B16508D00AA5920 /* AlbumArt */ = {
			isa = PBXGroup;
			children = (
				91443A111B16508D00AA5920 /* Main.storyboard */,
				91443A2D1B16511B00AA5920 /* AlbumArtViewController.swift */,
				91443A0D1B16508D00AA5920 /* AppDelegate.swift */,
				917B1D3F1B16B73D00BE9BF3 /* Requests.swift */,
				91443A0B1B16508D00AA5920 /* Supporting Files */,
			);
			path = AlbumArt;
			sourceTree = "<group>";
		};
		91443A0B1B16508D00AA5920 /* Supporting Files */ = {
			isa = PBXGroup;
			children = (
				91443A141B16508D00AA5920 /* Images.xcassets */,
				91443A161B16508E00AA5920 /* LaunchScreen.xib */,
				91443A0C1B16508D00AA5920 /* Info.plist */,
			);
			name = "Supporting Files";
			sourceTree = "<group>";
		};
		91443A201B16508E00AA5920 /* AlbumArtTests */ = {
			isa = PBXGroup;
			children = (
				91443A231B16508E00AA5920 /* AlbumArtTests.swift */,
				91443A211B16508E00AA5920 /* Supporting Files */,
			);
			path = AlbumArtTests;
			sourceTree = "<group>";
		};
		91443A211B16508E00AA5920 /* Supporting Files */ = {
			isa = PBXGroup;
			children = (
				91443A221B16508E00AA5920 /* Info.plist */,
			);
			name = "Supporting Files";
			sourceTree = "<group>";
		};
/* End PBXGroup section */

/* Begin PBXNativeTarget section */
		91443A071B16508D00AA5920 /* AlbumArt */ = {
			isa = PBXNativeTarget;
			buildConfigurationList = 91443A271B16508E00AA5920 /* Build configuration list for PBXNativeTarget "AlbumArt" */;
			buildPhases = (
				91443A041B16508D00AA5920 /* Sources */,
				91443A051B16508D00AA5920 /* Frameworks */,
				91443A061B16508D00AA5920 /* Resources */,
			);
			buildRules = (
			);
			dependencies = (
			);
			name = AlbumArt;
			productName = AlbumArt;
			productReference = 91443A081B16508D00AA5920 /* AlbumArt.app */;
			productType = "com.apple.product-type.application";
		};
		91443A1C1B16508E00AA5920 /* AlbumArtTests */ = {
			isa = PBXNativeTarget;
			buildConfigurationList = 91443A2A1B16508E00AA5920 /* Build configuration list for PBXNativeTarget "AlbumArtTests" */;
			buildPhases = (
				91443A191B16508E00AA5920 /* Sources */,
				91443A1A1B16508E00AA5920 /* Frameworks */,
				91443A1B1B16508E00AA5920 /* Resources */,
			);
			buildRules = (
			);
			dependencies = (
				91443A1F1B16508E00AA5920 /* PBXTargetDependency */,
			);
			name = AlbumArtTests;
			productName = AlbumArtTests;
			productReference = 91443A1D1B16508E00AA5920 /* AlbumArtTests.xctest */;
			productType = "com.apple.product-type.bundle.unit-test";
		};
/* End PBXNativeTarget section */

/* Begin PBXProject section */
		91443A001B16508D00AA5920 /* Project object */ = {
			isa = PBXProject;
			attributes = {
				LastUpgradeCheck = 0630;
				ORGANIZATIONNAME = "Kyle Brooks Robinson";
				TargetAttributes = {
					91443A071B16508D00AA5920 = {
						CreatedOnToolsVersion = 6.3.1;
					};
					91443A1C1B16508E00AA5920 = {
						CreatedOnToolsVersion = 6.3.1;
						TestTargetID = 91443A071B16508D00AA5920;
					};
				};
			};
			buildConfigurationList = 91443A031B16508D00AA5920 /* Build configuration list for PBXProject "AlbumArt" */;
			compatibilityVersion = "Xcode 3.2";
			developmentRegion = English;
			hasScannedForEncodings = 0;
			knownRegions = (
				en,
				Base,
			);
			mainGroup = 914439FF1B16508D00AA5920;
			productRefGroup = 91443A091B16508D00AA5920 /* Products */;
			projectDirPath = "";
			projectRoot = "";
			targets = (
				91443A071B16508D00AA5920 /* AlbumArt */,
				91443A1C1B16508E00AA5920 /* AlbumArtTests */,
			);
		};
/* End PBXProject section */

/* Begin PBXResourcesBuildPhase section */
		91443A061B16508D00AA5920 /* Resources */ = {
			isa = PBXResourcesBuildPhase;
			buildActionMask = 2147483647;
			files = (
				91443A131B16508D00AA5920 /* Main.storyboard in Resources */,
				91443A181B16508E00AA5920 /* LaunchScreen.xib in Resources */,
				91443A151B16508D00AA5920 /* Images.xcassets in Resources */,
			);
			runOnlyForDeploymentPostprocessing = 0;
		};
		91443A1B1B16508E00AA5920 /* Resources */ = {
			isa = PBXResourcesBuildPhase;
			buildActionMask = 2147483647;
			files = (
			);
			runOnlyForDeploymentPostprocessing = 0;
		};
/* End PBXResourcesBuildPhase section */

/* Begin PBXSourcesBuildPhase section */
		91443A041B16508D00AA5920 /* Sources */ = {
			isa = PBXSourcesBuildPhase;
			buildActionMask = 2147483647;
			files = (
				917B1D401B16B73D00BE9BF3 /* Requests.swift in Sources */,
				91443A2E1B16511B00AA5920 /* AlbumArtViewController.swift in Sources */,
				91443A0E1B16508D00AA5920 /* AppDelegate.swift in Sources */,
			);
			runOnlyForDeploymentPostprocessing = 0;
		};
		91443A191B16508E00AA5920 /* Sources */ = {
			isa = PBXSourcesBuildPhase;
			buildActionMask = 2147483647;
			files = (
				91443A241B16508E00AA5920 /* AlbumArtTests.swift in Sources */,
			);
			runOnlyForDeploymentPostprocessing = 0;
		};
/* End PBXSourcesBuildPhase section */

/* Begin PBXTargetDependency section */
		91443A1F1B16508E00AA5920 /* PBXTargetDependency */ = {
			isa = PBXTargetDependency;
			target = 91443A071B16508D00AA5920 /* AlbumArt */;
			targetProxy = 91443A1E1B16508E00AA5920 /* PBXContainerItemProxy */;
		};
/* End PBXTargetDependency section */

/* Begin PBXVariantGroup section */
		91443A111B16508D00AA5920 /* Main.storyboard */ = {
			isa = PBXVariantGroup;
			children = (
				91443A121B16508D00AA5920 /* Base */,
			);
			name = Main.storyboard;
			sourceTree = "<group>";
		};
		91443A161B16508E00AA5920 /* LaunchScreen.xib */ = {
			isa = PBXVariantGroup;
			children = (
				91443A171B16508E00AA5920 /* Base */,
			);
			name = LaunchScreen.xib;
			sourceTree = "<group>";
		};
/* End PBXVariantGroup section */

/* Begin XCBuildConfiguration section */
		91443A251B16508E00AA5920 /* Debug */ = {
			isa = XCBuildConfiguration;
			buildSettings = {
				ALWAYS_SEARCH_USER_PATHS = NO;
				CLANG_CXX_LANGUAGE_STANDARD = "gnu++0x";
				CLANG_CXX_LIBRARY = "libc++";
				CLANG_ENABLE_MODULES = YES;
				CLANG_ENABLE_OBJC_ARC = YES;
				CLANG_WARN_BOOL_CONVERSION = YES;
				CLANG_WARN_CONSTANT_CONVERSION = YES;
				CLANG_WARN_DIRECT_OBJC_ISA_USAGE = YES_ERROR;
				CLANG_WARN_EMPTY_BODY = YES;
				CLANG_WARN_ENUM_CONVERSION = YES;
				CLANG_WARN_INT_CONVERSION = YES;
				CLANG_WARN_OBJC_ROOT_CLASS = YES_ERROR;
				CLANG_WARN_UNREACHABLE_CODE = YES;
				CLANG_WARN__DUPLICATE_METHOD_MATCH = YES;
				"CODE_SIGN_IDENTITY[sdk=iphoneos*]" = "iPhone Developer";
				COPY_PHASE_STRIP = NO;
				DEBUG_INFORMATION_FORMAT = "dwarf-with-dsym";
				ENABLE_STRICT_OBJC_MSGSEND = YES;
				GCC_C_LANGUAGE_STANDARD = gnu99;
				GCC_DYNAMIC_NO_PIC = NO;
				GCC_NO_COMMON_BLOCKS = YES;
				GCC_OPTIMIZATION_LEVEL = 0;
				GCC_PREPROCESSOR_DEFINITIONS = (
					"DEBUG=1",
					"$(inherited)",
				);
				GCC_SYMBOLS_PRIVATE_EXTERN = NO;
				GCC_WARN_64_TO_32_BIT_CONVERSION = YES;
				GCC_WARN_ABOUT_RETURN_TYPE = YES_ERROR;
				GCC_WARN_UNDECLARED_SELECTOR = YES;
				GCC_WARN_UNINITIALIZED_AUTOS = YES_AGGRESSIVE;
				GCC_WARN_UNUSED_FUNCTION = YES;
				GCC_WARN_UNUSED_VARIABLE = YES;
				IPHONEOS_DEPLOYMENT_TARGET = 8.3;
				MTL_ENABLE_DEBUG_INFO = YES;
				ONLY_ACTIVE_ARCH = YES;
				SDKROOT = iphoneos;
				SWIFT_OPTIMIZATION_LEVEL = "-Onone";
				TARGETED_DEVICE_FAMILY = "1,2";
			};
			name = Debug;
		};
		91443A261B16508E00AA5920 /* Release */ = {
			isa = XCBuildConfiguration;
			buildSettings = {
				ALWAYS_SEARCH_USER_PATHS = NO;
				CLANG_CXX_LANGUAGE_STANDARD = "gnu++0x";
				CLANG_CXX_LIBRARY = "libc++";
				CLANG_ENABLE_MODULES = YES;
				CLANG_ENABLE_OBJC_ARC = YES;
				CLANG_WARN_BOOL_CONVERSION = YES;
				CLANG_WARN_CONSTANT_CONVERSION = YES;
				CLANG_WARN_DIRECT_OBJC_ISA_USAGE = YES_ERROR;
				CLANG_WARN_EMPTY_BODY = YES;
				CLANG_WARN_ENUM_CONVERSION = YES;
				CLANG_WARN_INT_CONVERSION = YES;
				CLANG_WARN_OBJC_ROOT_CLASS = YES_ERROR;
				CLANG_WARN_UNREACHABLE_CODE = YES;
				CLANG_WARN__DUPLICATE_METHOD_MATCH = YES;
				"CODE_SIGN_IDENTITY[sdk=iphoneos*]" = "iPhone Developer";
				COPY_PHASE_STRIP = NO;
				DEBUG_INFORMATION_FORMAT = "dwarf-with-dsym";
				ENABLE_NS_ASSERTIONS = NO;
				ENABLE_STRICT_OBJC_MSGSEND = YES;
				GCC_C_LANGUAGE_STANDARD = gnu99;
				GCC_NO_COMMON_BLOCKS = YES;
				GCC_WARN_64_TO_32_BIT_CONVERSION = YES;
				GCC_WARN_ABOUT_RETURN_TYPE = YES_ERROR;
				GCC_WARN_UNDECLARED_SELECTOR = YES;
				GCC_WARN_UNINITIALIZED_AUTOS = YES_AGGRESSIVE;
				GCC_WARN_UNUSED_FUNCTION = YES;
				GCC_WARN_UNUSED_VARIABLE = YES;
				IPHONEOS_DEPLOYMENT_TARGET = 8.3;
				MTL_ENABLE_DEBUG_INFO = NO;
				SDKROOT = iphoneos;
				TARGETED_DEVICE_FAMILY = "1,2";
				VALIDATE_PRODUCT = YES;
			};
			name = Release;
		};
		91443A281B16508E00AA5920 /* Debug */ = {
			isa = XCBuildConfiguration;
			buildSettings = {
				ASSETCATALOG_COMPILER_APPICON_NAME = AppIcon;
				INFOPLIST_FILE = AlbumArt/Info.plist;
				LD_RUNPATH_SEARCH_PATHS = "$(inherited) @executable_path/Frameworks";
				PRODUCT_NAME = "$(TARGET_NAME)";
			};
			name = Debug;
		};
		91443A291B16508E00AA5920 /* Release */ = {
			isa = XCBuildConfiguration;
			buildSettings = {
				ASSETCATALOG_COMPILER_APPICON_NAME = AppIcon;
				INFOPLIST_FILE = AlbumArt/Info.plist;
				LD_RUNPATH_SEARCH_PATHS = "$(inherited) @executable_path/Frameworks";
				PRODUCT_NAME = "$(TARGET_NAME)";
			};
			name = Release;
		};
		91443A2B1B16508E00AA5920 /* Debug */ = {
			isa = XCBuildConfiguration;
			buildSettings = {
				BUNDLE_LOADER = "$(TEST_HOST)";
				FRAMEWORK_SEARCH_PATHS = (
					"$(SDKROOT)/Developer/Library/Frameworks",
					"$(inherited)",
				);
				GCC_PREPROCESSOR_DEFINITIONS = (
					"DEBUG=1",
					"$(inherited)",
				);
				INFOPLIST_FILE = AlbumArtTests/Info.plist;
				LD_RUNPATH_SEARCH_PATHS = "$(inherited) @executable_path/Frameworks @loader_path/Frameworks";
				PRODUCT_NAME = "$(TARGET_NAME)";
				TEST_HOST = "$(BUILT_PRODUCTS_DIR)/AlbumArt.app/AlbumArt";
			};
			name = Debug;
		};
		91443A2C1B16508E00AA5920 /* Release */ = {
			isa = XCBuildConfiguration;
			buildSettings = {
				BUNDLE_LOADER = "$(TEST_HOST)";
				FRAMEWORK_SEARCH_PATHS = (
					"$(SDKROOT)/Developer/Library/Frameworks",
					"$(inherited)",
				);
				INFOPLIST_FILE = AlbumArtTests/Info.plist;
				LD_RUNPATH_SEARCH_PATHS = "$(inherited) @executable_path/Frameworks @loader_path/Frameworks";
				PRODUCT_NAME = "$(TARGET_NAME)";
				TEST_HOST = "$(BUILT_PRODUCTS_DIR)/AlbumArt.app/AlbumArt";
			};
			name = Release;
		};
/* End XCBuildConfiguration section */

/* Begin XCConfigurationList section */
		91443A031B16508D00AA5920 /* Build configuration list for PBXProject "AlbumArt" */ = {
			isa = XCConfigurationList;
			buildConfigurations = (
				91443A251B16508E00AA5920 /* Debug */,
				91443A261B16508E00AA5920 /* Release */,
			);
			defaultConfigurationIsVisible = 0;
			defaultConfigurationName = Release;
		};
		91443A271B16508E00AA5920 /* Build configuration list for PBXNativeTarget "AlbumArt" */ = {
			isa = XCConfigurationList;
			buildConfigurations = (
				91443A281B16508E00AA5920 /* Debug */,
				91443A291B16508E00AA5920 /* Release */,
			);
			defaultConfigurationIsVisible = 0;
			defaultConfigurationName = Release;
		};
		91443A2A1B16508E00AA5920 /* Build configuration list for PBXNativeTarget "AlbumArtTests" */ = {
			isa = XCConfigurationList;
			buildConfigurations = (
				91443A2B1B16508E00AA5920 /* Debug */,
				91443A2C1B16508E00AA5920 /* Release */,
			);
			defaultConfigurationIsVisible = 0;
			defaultConfigurationName = Release;
		};
/* End XCConfigurationList section */
	};
	rootObject = 91443A001B16508D00AA5920 /* Project object */;
}
