// !$*UTF8*$!
{
	archiveVersion = 1;
	classes = {
	};
	objectVersion = 46;
	objects = {

/* Begin PBXBuildFile section */
		910C0A231B161DE3006F9CAB /* AppDelegate.swift in Sources */ = {isa = PBXBuildFile; fileRef = 910C0A221B161DE3006F9CAB /* AppDelegate.swift */; };
		910C0A251B161DE3006F9CAB /* ViewController.swift in Sources */ = {isa = PBXBuildFile; fileRef = 910C0A241B161DE3006F9CAB /* ViewController.swift */; };
		910C0A281B161DE3006F9CAB /* Main.storyboard in Resources */ = {isa = PBXBuildFile; fileRef = 910C0A261B161DE3006F9CAB /* Main.storyboard */; };
		910C0A2A1B161DE3006F9CAB /* Images.xcassets in Resources */ = {isa = PBXBuildFile; fileRef = 910C0A291B161DE3006F9CAB /* Images.xcassets */; };
		910C0A2D1B161DE3006F9CAB /* LaunchScreen.xib in Resources */ = {isa = PBXBuildFile; fileRef = 910C0A2B1B161DE3006F9CAB /* LaunchScreen.xib */; };
		910C0A391B161DE3006F9CAB /* CrazyButtonTests.swift in Sources */ = {isa = PBXBuildFile; fileRef = 910C0A381B161DE3006F9CAB /* CrazyButtonTests.swift */; };
		E90A641440428CB74B8DC933 /* Pods_CrazyButton.framework in Frameworks */ = {isa = PBXBuildFile; fileRef = 1C5655DDCE70079C873D04C0 /* Pods_CrazyButton.framework */; settings = {ATTRIBUTES = (Weak, ); }; };
/* End PBXBuildFile section */

/* Begin PBXContainerItemProxy section */
		910C0A331B161DE3006F9CAB /* PBXContainerItemProxy */ = {
			isa = PBXContainerItemProxy;
			containerPortal = 910C0A151B161DE3006F9CAB /* Project object */;
			proxyType = 1;
			remoteGlobalIDString = 910C0A1C1B161DE3006F9CAB;
			remoteInfo = CrazyButton;
		};
/* End PBXContainerItemProxy section */

/* Begin PBXFileReference section */
		1C3C801797BB1F2DE4273A0C /* Pods-CrazyButton.release.xcconfig */ = {isa = PBXFileReference; includeInIndex = 1; lastKnownFileType = text.xcconfig; name = "Pods-CrazyButton.release.xcconfig"; path = "Pods/Target Support Files/Pods-CrazyButton/Pods-CrazyButton.release.xcconfig"; sourceTree = "<group>"; };
		1C5655DDCE70079C873D04C0 /* Pods_CrazyButton.framework */ = {isa = PBXFileReference; explicitFileType = wrapper.framework; includeInIndex = 0; path = Pods_CrazyButton.framework; sourceTree = BUILT_PRODUCTS_DIR; };
		869CDB504D55E19B9D539C6E /* Pods-CrazyButton.debug.xcconfig */ = {isa = PBXFileReference; includeInIndex = 1; lastKnownFileType = text.xcconfig; name = "Pods-CrazyButton.debug.xcconfig"; path = "Pods/Target Support Files/Pods-CrazyButton/Pods-CrazyButton.debug.xcconfig"; sourceTree = "<group>"; };
		910C0A1D1B161DE3006F9CAB /* CrazyButton.app */ = {isa = PBXFileReference; explicitFileType = wrapper.application; includeInIndex = 0; path = CrazyButton.app; sourceTree = BUILT_PRODUCTS_DIR; };
		910C0A211B161DE3006F9CAB /* Info.plist */ = {isa = PBXFileReference; lastKnownFileType = text.plist.xml; path = Info.plist; sourceTree = "<group>"; };
		910C0A221B161DE3006F9CAB /* AppDelegate.swift */ = {isa = PBXFileReference; lastKnownFileType = sourcecode.swift; path = AppDelegate.swift; sourceTree = "<group>"; };
		910C0A241B161DE3006F9CAB /* ViewController.swift */ = {isa = PBXFileReference; lastKnownFileType = sourcecode.swift; path = ViewController.swift; sourceTree = "<group>"; };
		910C0A271B161DE3006F9CAB /* Base */ = {isa = PBXFileReference; lastKnownFileType = file.storyboard; name = Base; path = Base.lproj/Main.storyboard; sourceTree = "<group>"; };
		910C0A291B161DE3006F9CAB /* Images.xcassets */ = {isa = PBXFileReference; lastKnownFileType = folder.assetcatalog; path = Images.xcassets; sourceTree = "<group>"; };
		910C0A2C1B161DE3006F9CAB /* Base */ = {isa = PBXFileReference; lastKnownFileType = file.xib; name = Base; path = Base.lproj/LaunchScreen.xib; sourceTree = "<group>"; };
		910C0A321B161DE3006F9CAB /* CrazyButtonTests.xctest */ = {isa = PBXFileReference; explicitFileType = wrapper.cfbundle; includeInIndex = 0; path = CrazyButtonTests.xctest; sourceTree = BUILT_PRODUCTS_DIR; };
		910C0A371B161DE3006F9CAB /* Info.plist */ = {isa = PBXFileReference; lastKnownFileType = text.plist.xml; path = Info.plist; sourceTree = "<group>"; };
		910C0A381B161DE3006F9CAB /* CrazyButtonTests.swift */ = {isa = PBXFileReference; lastKnownFileType = sourcecode.swift; path = CrazyButtonTests.swift; sourceTree = "<group>"; };
/* End PBXFileReference section */

/* Begin PBXFrameworksBuildPhase section */
		910C0A1A1B161DE3006F9CAB /* Frameworks */ = {
			isa = PBXFrameworksBuildPhase;
			buildActionMask = 2147483647;
			files = (
				E90A641440428CB74B8DC933 /* Pods_CrazyButton.framework in Frameworks */,
			);
			runOnlyForDeploymentPostprocessing = 0;
		};
		910C0A2F1B161DE3006F9CAB /* Frameworks */ = {
			isa = PBXFrameworksBuildPhase;
			buildActionMask = 2147483647;
			files = (
			);
			runOnlyForDeploymentPostprocessing = 0;
		};
/* End PBXFrameworksBuildPhase section */

/* Begin PBXGroup section */
		68D264866E0A618C28A3EEB2 /* Frameworks */ = {
			isa = PBXGroup;
			children = (
				1C5655DDCE70079C873D04C0 /* Pods_CrazyButton.framework */,
			);
			name = Frameworks;
			sourceTree = "<group>";
		};
		910C0A141B161DE3006F9CAB = {
			isa = PBXGroup;
			children = (
				910C0A1F1B161DE3006F9CAB /* CrazyButton */,
				910C0A351B161DE3006F9CAB /* CrazyButtonTests */,
				910C0A1E1B161DE3006F9CAB /* Products */,
				CE73325D4A80FBAE8C36B516 /* Pods */,
				68D264866E0A618C28A3EEB2 /* Frameworks */,
			);
			sourceTree = "<group>";
		};
		910C0A1E1B161DE3006F9CAB /* Products */ = {
			isa = PBXGroup;
			children = (
				910C0A1D1B161DE3006F9CAB /* CrazyButton.app */,
				910C0A321B161DE3006F9CAB /* CrazyButtonTests.xctest */,
			);
			name = Products;
			sourceTree = "<group>";
		};
		910C0A1F1B161DE3006F9CAB /* CrazyButton */ = {
			isa = PBXGroup;
			children = (
				910C0A221B161DE3006F9CAB /* AppDelegate.swift */,
				910C0A241B161DE3006F9CAB /* ViewController.swift */,
				910C0A261B161DE3006F9CAB /* Main.storyboard */,
				910C0A291B161DE3006F9CAB /* Images.xcassets */,
				910C0A2B1B161DE3006F9CAB /* LaunchScreen.xib */,
				910C0A201B161DE3006F9CAB /* Supporting Files */,
			);
			path = CrazyButton;
			sourceTree = "<group>";
		};
		910C0A201B161DE3006F9CAB /* Supporting Files */ = {
			isa = PBXGroup;
			children = (
				910C0A211B161DE3006F9CAB /* Info.plist */,
			);
			name = "Supporting Files";
			sourceTree = "<group>";
		};
		910C0A351B161DE3006F9CAB /* CrazyButtonTests */ = {
			isa = PBXGroup;
			children = (
				910C0A381B161DE3006F9CAB /* CrazyButtonTests.swift */,
				910C0A361B161DE3006F9CAB /* Supporting Files */,
			);
			path = CrazyButtonTests;
			sourceTree = "<group>";
		};
		910C0A361B161DE3006F9CAB /* Supporting Files */ = {
			isa = PBXGroup;
			children = (
				910C0A371B161DE3006F9CAB /* Info.plist */,
			);
			name = "Supporting Files";
			sourceTree = "<group>";
		};
		CE73325D4A80FBAE8C36B516 /* Pods */ = {
			isa = PBXGroup;
			children = (
				869CDB504D55E19B9D539C6E /* Pods-CrazyButton.debug.xcconfig */,
				1C3C801797BB1F2DE4273A0C /* Pods-CrazyButton.release.xcconfig */,
			);
			name = Pods;
			sourceTree = "<group>";
		};
/* End PBXGroup section */

/* Begin PBXNativeTarget section */
		910C0A1C1B161DE3006F9CAB /* CrazyButton */ = {
			isa = PBXNativeTarget;
			buildConfigurationList = 910C0A3C1B161DE3006F9CAB /* Build configuration list for PBXNativeTarget "CrazyButton" */;
			buildPhases = (
				A74DF232947388D40B45BCBE /* Check Pods Manifest.lock */,
				910C0A191B161DE3006F9CAB /* Sources */,
				910C0A1A1B161DE3006F9CAB /* Frameworks */,
				910C0A1B1B161DE3006F9CAB /* Resources */,
				02AEC5E5F9223F1009B2A606 /* Embed Pods Frameworks */,
				4B573DA8D7F7E5333AAB7C08 /* Copy Pods Resources */,
			);
			buildRules = (
			);
			dependencies = (
			);
			name = CrazyButton;
			productName = CrazyButton;
			productReference = 910C0A1D1B161DE3006F9CAB /* CrazyButton.app */;
			productType = "com.apple.product-type.application";
		};
		910C0A311B161DE3006F9CAB /* CrazyButtonTests */ = {
			isa = PBXNativeTarget;
			buildConfigurationList = 910C0A3F1B161DE3006F9CAB /* Build configuration list for PBXNativeTarget "CrazyButtonTests" */;
			buildPhases = (
				910C0A2E1B161DE3006F9CAB /* Sources */,
				910C0A2F1B161DE3006F9CAB /* Frameworks */,
				910C0A301B161DE3006F9CAB /* Resources */,
			);
			buildRules = (
			);
			dependencies = (
				910C0A341B161DE3006F9CAB /* PBXTargetDependency */,
			);
			name = CrazyButtonTests;
			productName = CrazyButtonTests;
			productReference = 910C0A321B161DE3006F9CAB /* CrazyButtonTests.xctest */;
			productType = "com.apple.product-type.bundle.unit-test";
		};
/* End PBXNativeTarget section */

/* Begin PBXProject section */
		910C0A151B161DE3006F9CAB /* Project object */ = {
			isa = PBXProject;
			attributes = {
				LastUpgradeCheck = 0630;
				ORGANIZATIONNAME = "Kyle Brooks Robinson";
				TargetAttributes = {
					910C0A1C1B161DE3006F9CAB = {
						CreatedOnToolsVersion = 6.3.1;
					};
					910C0A311B161DE3006F9CAB = {
						CreatedOnToolsVersion = 6.3.1;
						TestTargetID = 910C0A1C1B161DE3006F9CAB;
					};
				};
			};
			buildConfigurationList = 910C0A181B161DE3006F9CAB /* Build configuration list for PBXProject "CrazyButton" */;
			compatibilityVersion = "Xcode 3.2";
			developmentRegion = English;
			hasScannedForEncodings = 0;
			knownRegions = (
				en,
				Base,
			);
			mainGroup = 910C0A141B161DE3006F9CAB;
			productRefGroup = 910C0A1E1B161DE3006F9CAB /* Products */;
			projectDirPath = "";
			projectRoot = "";
			targets = (
				910C0A1C1B161DE3006F9CAB /* CrazyButton */,
				910C0A311B161DE3006F9CAB /* CrazyButtonTests */,
			);
		};
/* End PBXProject section */

/* Begin PBXResourcesBuildPhase section */
		910C0A1B1B161DE3006F9CAB /* Resources */ = {
			isa = PBXResourcesBuildPhase;
			buildActionMask = 2147483647;
			files = (
				910C0A281B161DE3006F9CAB /* Main.storyboard in Resources */,
				910C0A2D1B161DE3006F9CAB /* LaunchScreen.xib in Resources */,
				910C0A2A1B161DE3006F9CAB /* Images.xcassets in Resources */,
			);
			runOnlyForDeploymentPostprocessing = 0;
		};
		910C0A301B161DE3006F9CAB /* Resources */ = {
			isa = PBXResourcesBuildPhase;
			buildActionMask = 2147483647;
			files = (
			);
			runOnlyForDeploymentPostprocessing = 0;
		};
/* End PBXResourcesBuildPhase section */

/* Begin PBXShellScriptBuildPhase section */
		02AEC5E5F9223F1009B2A606 /* Embed Pods Frameworks */ = {
			isa = PBXShellScriptBuildPhase;
			buildActionMask = 2147483647;
			files = (
			);
			inputPaths = (
			);
			name = "Embed Pods Frameworks";
			outputPaths = (
			);
			runOnlyForDeploymentPostprocessing = 0;
			shellPath = /bin/sh;
			shellScript = "\"${SRCROOT}/Pods/Target Support Files/Pods-CrazyButton/Pods-CrazyButton-frameworks.sh\"\n";
			showEnvVarsInLog = 0;
		};
		4B573DA8D7F7E5333AAB7C08 /* Copy Pods Resources */ = {
			isa = PBXShellScriptBuildPhase;
			buildActionMask = 2147483647;
			files = (
			);
			inputPaths = (
			);
			name = "Copy Pods Resources";
			outputPaths = (
			);
			runOnlyForDeploymentPostprocessing = 0;
			shellPath = /bin/sh;
			shellScript = "\"${SRCROOT}/Pods/Target Support Files/Pods-CrazyButton/Pods-CrazyButton-resources.sh\"\n";
			showEnvVarsInLog = 0;
		};
		A74DF232947388D40B45BCBE /* Check Pods Manifest.lock */ = {
			isa = PBXShellScriptBuildPhase;
			buildActionMask = 2147483647;
			files = (
			);
			inputPaths = (
			);
			name = "Check Pods Manifest.lock";
			outputPaths = (
			);
			runOnlyForDeploymentPostprocessing = 0;
			shellPath = /bin/sh;
			shellScript = "diff \"${PODS_ROOT}/../Podfile.lock\" \"${PODS_ROOT}/Manifest.lock\" > /dev/null\nif [[ $? != 0 ]] ; then\n    cat << EOM\nerror: The sandbox is not in sync with the Podfile.lock. Run 'pod install' or update your CocoaPods installation.\nEOM\n    exit 1\nfi\n";
			showEnvVarsInLog = 0;
		};
/* End PBXShellScriptBuildPhase section */

/* Begin PBXSourcesBuildPhase section */
		910C0A191B161DE3006F9CAB /* Sources */ = {
			isa = PBXSourcesBuildPhase;
			buildActionMask = 2147483647;
			files = (
				910C0A251B161DE3006F9CAB /* ViewController.swift in Sources */,
				910C0A231B161DE3006F9CAB /* AppDelegate.swift in Sources */,
			);
			runOnlyForDeploymentPostprocessing = 0;
		};
		910C0A2E1B161DE3006F9CAB /* Sources */ = {
			isa = PBXSourcesBuildPhase;
			buildActionMask = 2147483647;
			files = (
				910C0A391B161DE3006F9CAB /* CrazyButtonTests.swift in Sources */,
			);
			runOnlyForDeploymentPostprocessing = 0;
		};
/* End PBXSourcesBuildPhase section */

/* Begin PBXTargetDependency section */
		910C0A341B161DE3006F9CAB /* PBXTargetDependency */ = {
			isa = PBXTargetDependency;
			target = 910C0A1C1B161DE3006F9CAB /* CrazyButton */;
			targetProxy = 910C0A331B161DE3006F9CAB /* PBXContainerItemProxy */;
		};
/* End PBXTargetDependency section */

/* Begin PBXVariantGroup section */
		910C0A261B161DE3006F9CAB /* Main.storyboard */ = {
			isa = PBXVariantGroup;
			children = (
				910C0A271B161DE3006F9CAB /* Base */,
			);
			name = Main.storyboard;
			sourceTree = "<group>";
		};
		910C0A2B1B161DE3006F9CAB /* LaunchScreen.xib */ = {
			isa = PBXVariantGroup;
			children = (
				910C0A2C1B161DE3006F9CAB /* Base */,
			);
			name = LaunchScreen.xib;
			sourceTree = "<group>";
		};
/* End PBXVariantGroup section */

/* Begin XCBuildConfiguration section */
		910C0A3A1B161DE3006F9CAB /* Debug */ = {
			isa = XCBuildConfiguration;
			buildSettings = {
				ALWAYS_SEARCH_USER_PATHS = NO;
				CLANG_CXX_LANGUAGE_STANDARD = "gnu++0x";
				CLANG_CXX_LIBRARY = "libc++";
				CLANG_ENABLE_MODULES = YES;
				CLANG_ENABLE_OBJC_ARC = YES;
				CLANG_WARN_BOOL_CONVERSION = YES;
				CLANG_WARN_CONSTANT_CONVERSION = YES;
				CLANG_WARN_DIRECT_OBJC_ISA_USAGE = YES_ERROR;
				CLANG_WARN_EMPTY_BODY = YES;
				CLANG_WARN_ENUM_CONVERSION = YES;
				CLANG_WARN_INT_CONVERSION = YES;
				CLANG_WARN_OBJC_ROOT_CLASS = YES_ERROR;
				CLANG_WARN_UNREACHABLE_CODE = YES;
				CLANG_WARN__DUPLICATE_METHOD_MATCH = YES;
				"CODE_SIGN_IDENTITY[sdk=iphoneos*]" = "iPhone Developer";
				COPY_PHASE_STRIP = NO;
				DEBUG_INFORMATION_FORMAT = "dwarf-with-dsym";
				ENABLE_STRICT_OBJC_MSGSEND = YES;
				GCC_C_LANGUAGE_STANDARD = gnu99;
				GCC_DYNAMIC_NO_PIC = NO;
				GCC_NO_COMMON_BLOCKS = YES;
				GCC_OPTIMIZATION_LEVEL = 0;
				GCC_PREPROCESSOR_DEFINITIONS = (
					"DEBUG=1",
					"$(inherited)",
				);
				GCC_SYMBOLS_PRIVATE_EXTERN = NO;
				GCC_WARN_64_TO_32_BIT_CONVERSION = YES;
				GCC_WARN_ABOUT_RETURN_TYPE = YES_ERROR;
				GCC_WARN_UNDECLARED_SELECTOR = YES;
				GCC_WARN_UNINITIALIZED_AUTOS = YES_AGGRESSIVE;
				GCC_WARN_UNUSED_FUNCTION = YES;
				GCC_WARN_UNUSED_VARIABLE = YES;
				IPHONEOS_DEPLOYMENT_TARGET = 8.3;
				MTL_ENABLE_DEBUG_INFO = YES;
				ONLY_ACTIVE_ARCH = YES;
				SDKROOT = iphoneos;
				SWIFT_OPTIMIZATION_LEVEL = "-Onone";
				TARGETED_DEVICE_FAMILY = "1,2";
			};
			name = Debug;
		};
		910C0A3B1B161DE3006F9CAB /* Release */ = {
			isa = XCBuildConfiguration;
			buildSettings = {
				ALWAYS_SEARCH_USER_PATHS = NO;
				CLANG_CXX_LANGUAGE_STANDARD = "gnu++0x";
				CLANG_CXX_LIBRARY = "libc++";
				CLANG_ENABLE_MODULES = YES;
				CLANG_ENABLE_OBJC_ARC = YES;
				CLANG_WARN_BOOL_CONVERSION = YES;
				CLANG_WARN_CONSTANT_CONVERSION = YES;
				CLANG_WARN_DIRECT_OBJC_ISA_USAGE = YES_ERROR;
				CLANG_WARN_EMPTY_BODY = YES;
				CLANG_WARN_ENUM_CONVERSION = YES;
				CLANG_WARN_INT_CONVERSION = YES;
				CLANG_WARN_OBJC_ROOT_CLASS = YES_ERROR;
				CLANG_WARN_UNREACHABLE_CODE = YES;
				CLANG_WARN__DUPLICATE_METHOD_MATCH = YES;
				"CODE_SIGN_IDENTITY[sdk=iphoneos*]" = "iPhone Developer";
				COPY_PHASE_STRIP = NO;
				DEBUG_INFORMATION_FORMAT = "dwarf-with-dsym";
				ENABLE_NS_ASSERTIONS = NO;
				ENABLE_STRICT_OBJC_MSGSEND = YES;
				GCC_C_LANGUAGE_STANDARD = gnu99;
				GCC_NO_COMMON_BLOCKS = YES;
				GCC_WARN_64_TO_32_BIT_CONVERSION = YES;
				GCC_WARN_ABOUT_RETURN_TYPE = YES_ERROR;
				GCC_WARN_UNDECLARED_SELECTOR = YES;
				GCC_WARN_UNINITIALIZED_AUTOS = YES_AGGRESSIVE;
				GCC_WARN_UNUSED_FUNCTION = YES;
				GCC_WARN_UNUSED_VARIABLE = YES;
				IPHONEOS_DEPLOYMENT_TARGET = 8.3;
				MTL_ENABLE_DEBUG_INFO = NO;
				SDKROOT = iphoneos;
				TARGETED_DEVICE_FAMILY = "1,2";
				VALIDATE_PRODUCT = YES;
			};
			name = Release;
		};
		910C0A3D1B161DE3006F9CAB /* Debug */ = {
			isa = XCBuildConfiguration;
			baseConfigurationReference = 869CDB504D55E19B9D539C6E /* Pods-CrazyButton.debug.xcconfig */;
			buildSettings = {
				ASSETCATALOG_COMPILER_APPICON_NAME = AppIcon;
				INFOPLIST_FILE = CrazyButton/Info.plist;
				LD_RUNPATH_SEARCH_PATHS = "$(inherited) @executable_path/Frameworks";
				PRODUCT_NAME = "$(TARGET_NAME)";
			};
			name = Debug;
		};
		910C0A3E1B161DE3006F9CAB /* Release */ = {
			isa = XCBuildConfiguration;
			baseConfigurationReference = 1C3C801797BB1F2DE4273A0C /* Pods-CrazyButton.release.xcconfig */;
			buildSettings = {
				ASSETCATALOG_COMPILER_APPICON_NAME = AppIcon;
				INFOPLIST_FILE = CrazyButton/Info.plist;
				LD_RUNPATH_SEARCH_PATHS = "$(inherited) @executable_path/Frameworks";
				PRODUCT_NAME = "$(TARGET_NAME)";
			};
			name = Release;
		};
		910C0A401B161DE3006F9CAB /* Debug */ = {
			isa = XCBuildConfiguration;
			buildSettings = {
				BUNDLE_LOADER = "$(TEST_HOST)";
				FRAMEWORK_SEARCH_PATHS = (
					"$(SDKROOT)/Developer/Library/Frameworks",
					"$(inherited)",
				);
				GCC_PREPROCESSOR_DEFINITIONS = (
					"DEBUG=1",
					"$(inherited)",
				);
				INFOPLIST_FILE = CrazyButtonTests/Info.plist;
				LD_RUNPATH_SEARCH_PATHS = "$(inherited) @executable_path/Frameworks @loader_path/Frameworks";
				PRODUCT_NAME = "$(TARGET_NAME)";
				TEST_HOST = "$(BUILT_PRODUCTS_DIR)/CrazyButton.app/CrazyButton";
			};
			name = Debug;
		};
		910C0A411B161DE3006F9CAB /* Release */ = {
			isa = XCBuildConfiguration;
			buildSettings = {
				BUNDLE_LOADER = "$(TEST_HOST)";
				FRAMEWORK_SEARCH_PATHS = (
					"$(SDKROOT)/Developer/Library/Frameworks",
					"$(inherited)",
				);
				INFOPLIST_FILE = CrazyButtonTests/Info.plist;
				LD_RUNPATH_SEARCH_PATHS = "$(inherited) @executable_path/Frameworks @loader_path/Frameworks";
				PRODUCT_NAME = "$(TARGET_NAME)";
				TEST_HOST = "$(BUILT_PRODUCTS_DIR)/CrazyButton.app/CrazyButton";
			};
			name = Release;
		};
/* End XCBuildConfiguration section */

/* Begin XCConfigurationList section */
		910C0A181B161DE3006F9CAB /* Build configuration list for PBXProject "CrazyButton" */ = {
			isa = XCConfigurationList;
			buildConfigurations = (
				910C0A3A1B161DE3006F9CAB /* Debug */,
				910C0A3B1B161DE3006F9CAB /* Release */,
			);
			defaultConfigurationIsVisible = 0;
			defaultConfigurationName = Release;
		};
		910C0A3C1B161DE3006F9CAB /* Build configuration list for PBXNativeTarget "CrazyButton" */ = {
			isa = XCConfigurationList;
			buildConfigurations = (
				910C0A3D1B161DE3006F9CAB /* Debug */,
				910C0A3E1B161DE3006F9CAB /* Release */,
			);
			defaultConfigurationIsVisible = 0;
			defaultConfigurationName = Release;
		};
		910C0A3F1B161DE3006F9CAB /* Build configuration list for PBXNativeTarget "CrazyButtonTests" */ = {
			isa = XCConfigurationList;
			buildConfigurations = (
				910C0A401B161DE3006F9CAB /* Debug */,
				910C0A411B161DE3006F9CAB /* Release */,
			);
			defaultConfigurationIsVisible = 0;
			defaultConfigurationName = Release;
		};
/* End XCConfigurationList section */
	};
	rootObject = 910C0A151B161DE3006F9CAB /* Project object */;
}
