// !$*UTF8*$!
{
	archiveVersion = 1;
	classes = {
	};
	objectVersion = 46;
	objects = {

/* Begin PBXBuildFile section */
		910C09CE1B14AADD006F9CAB /* Fabric.framework in Frameworks */ = {isa = PBXBuildFile; fileRef = 910C09CC1B14AADD006F9CAB /* Fabric.framework */; };
		910C09CF1B14AADD006F9CAB /* Crashlytics.framework in Frameworks */ = {isa = PBXBuildFile; fileRef = 910C09CD1B14AADD006F9CAB /* Crashlytics.framework */; };
		910C09D31B14B1F5006F9CAB /* TwitterKit.framework in Frameworks */ = {isa = PBXBuildFile; fileRef = 910C09D01B14B1F5006F9CAB /* TwitterKit.framework */; };
		910C09D41B14B1F5006F9CAB /* TwitterKitResources.bundle in Resources */ = {isa = PBXBuildFile; fileRef = 910C09D11B14B1F5006F9CAB /* TwitterKitResources.bundle */; };
		910C09D51B14B1F5006F9CAB /* TwitterCore.framework in Frameworks */ = {isa = PBXBuildFile; fileRef = 910C09D21B14B1F5006F9CAB /* TwitterCore.framework */; };
		916592991B0397AE00C38115 /* GitHubRequest.swift in Sources */ = {isa = PBXBuildFile; fileRef = 916592981B0397AE00C38115 /* GitHubRequest.swift */; };
		9165929B1B03AC0A00C38115 /* AddFriendViewController.swift in Sources */ = {isa = PBXBuildFile; fileRef = 9165929A1B03AC0A00C38115 /* AddFriendViewController.swift */; };
		919418CD1B02390A006E448C /* AppDelegate.swift in Sources */ = {isa = PBXBuildFile; fileRef = 919418CC1B02390A006E448C /* AppDelegate.swift */; };
		919418D21B02390A006E448C /* Main.storyboard in Resources */ = {isa = PBXBuildFile; fileRef = 919418D01B02390A006E448C /* Main.storyboard */; };
		919418D41B02390A006E448C /* Images.xcassets in Resources */ = {isa = PBXBuildFile; fileRef = 919418D31B02390A006E448C /* Images.xcassets */; };
		919418D71B02390A006E448C /* LaunchScreen.xib in Resources */ = {isa = PBXBuildFile; fileRef = 919418D51B02390A006E448C /* LaunchScreen.xib */; };
		919418E31B02390A006E448C /* GithubFriendsTests.swift in Sources */ = {isa = PBXBuildFile; fileRef = 919418E21B02390A006E448C /* GithubFriendsTests.swift */; };
		919418ED1B02402B006E448C /* FriendTableViewController.swift in Sources */ = {isa = PBXBuildFile; fileRef = 919418EC1B02402B006E448C /* FriendTableViewController.swift */; };
		919418EF1B0283B9006E448C /* avatarView.swift in Sources */ = {isa = PBXBuildFile; fileRef = 919418EE1B0283B9006E448C /* avatarView.swift */; };
		919418F31B0285B5006E448C /* FriendTableViewCell.swift in Sources */ = {isa = PBXBuildFile; fileRef = 919418F21B0285B5006E448C /* FriendTableViewCell.swift */; };
		919418F51B02C2C4006E448C /* roundedButtons.swift in Sources */ = {isa = PBXBuildFile; fileRef = 919418F41B02C2C4006E448C /* roundedButtons.swift */; };
		919418F91B02CE64006E448C /* ReposTableTableViewController.swift in Sources */ = {isa = PBXBuildFile; fileRef = 919418F81B02CE64006E448C /* ReposTableTableViewController.swift */; };
		919418FB1B02CEE2006E448C /* RepoTableViewCell.swift in Sources */ = {isa = PBXBuildFile; fileRef = 919418FA1B02CEE2006E448C /* RepoTableViewCell.swift */; };
/* End PBXBuildFile section */

/* Begin PBXContainerItemProxy section */
		919418DD1B02390A006E448C /* PBXContainerItemProxy */ = {
			isa = PBXContainerItemProxy;
			containerPortal = 919418BF1B02390A006E448C /* Project object */;
			proxyType = 1;
			remoteGlobalIDString = 919418C61B02390A006E448C;
			remoteInfo = GithubFriends;
		};
/* End PBXContainerItemProxy section */

/* Begin PBXFileReference section */
		910C09CC1B14AADD006F9CAB /* Fabric.framework */ = {isa = PBXFileReference; lastKnownFileType = wrapper.framework; path = Fabric.framework; sourceTree = "<group>"; };
		910C09CD1B14AADD006F9CAB /* Crashlytics.framework */ = {isa = PBXFileReference; lastKnownFileType = wrapper.framework; path = Crashlytics.framework; sourceTree = "<group>"; };
		910C09D01B14B1F5006F9CAB /* TwitterKit.framework */ = {isa = PBXFileReference; lastKnownFileType = wrapper.framework; path = TwitterKit.framework; sourceTree = "<group>"; };
		910C09D11B14B1F5006F9CAB /* TwitterKitResources.bundle */ = {isa = PBXFileReference; lastKnownFileType = "wrapper.plug-in"; path = TwitterKitResources.bundle; sourceTree = "<group>"; };
		910C09D21B14B1F5006F9CAB /* TwitterCore.framework */ = {isa = PBXFileReference; lastKnownFileType = wrapper.framework; path = TwitterCore.framework; sourceTree = "<group>"; };
		916592981B0397AE00C38115 /* GitHubRequest.swift */ = {isa = PBXFileReference; fileEncoding = 4; lastKnownFileType = sourcecode.swift; path = GitHubRequest.swift; sourceTree = "<group>"; };
		9165929A1B03AC0A00C38115 /* AddFriendViewController.swift */ = {isa = PBXFileReference; fileEncoding = 4; lastKnownFileType = sourcecode.swift; path = AddFriendViewController.swift; sourceTree = "<group>"; };
		919418C71B02390A006E448C /* GithubFriends.app */ = {isa = PBXFileReference; explicitFileType = wrapper.application; includeInIndex = 0; path = GithubFriends.app; sourceTree = BUILT_PRODUCTS_DIR; };
		919418CB1B02390A006E448C /* Info.plist */ = {isa = PBXFileReference; lastKnownFileType = text.plist.xml; path = Info.plist; sourceTree = "<group>"; };
		919418CC1B02390A006E448C /* AppDelegate.swift */ = {isa = PBXFileReference; lastKnownFileType = sourcecode.swift; path = AppDelegate.swift; sourceTree = "<group>"; };
		919418D11B02390A006E448C /* Base */ = {isa = PBXFileReference; lastKnownFileType = file.storyboard; name = Base; path = Base.lproj/Main.storyboard; sourceTree = "<group>"; };
		919418D31B02390A006E448C /* Images.xcassets */ = {isa = PBXFileReference; lastKnownFileType = folder.assetcatalog; path = Images.xcassets; sourceTree = "<group>"; };
		919418D61B02390A006E448C /* Base */ = {isa = PBXFileReference; lastKnownFileType = file.xib; name = Base; path = Base.lproj/LaunchScreen.xib; sourceTree = "<group>"; };
		919418DC1B02390A006E448C /* GithubFriendsTests.xctest */ = {isa = PBXFileReference; explicitFileType = wrapper.cfbundle; includeInIndex = 0; path = GithubFriendsTests.xctest; sourceTree = BUILT_PRODUCTS_DIR; };
		919418E11B02390A006E448C /* Info.plist */ = {isa = PBXFileReference; lastKnownFileType = text.plist.xml; path = Info.plist; sourceTree = "<group>"; };
		919418E21B02390A006E448C /* GithubFriendsTests.swift */ = {isa = PBXFileReference; lastKnownFileType = sourcecode.swift; path = GithubFriendsTests.swift; sourceTree = "<group>"; };
		919418EC1B02402B006E448C /* FriendTableViewController.swift */ = {isa = PBXFileReference; fileEncoding = 4; lastKnownFileType = sourcecode.swift; path = FriendTableViewController.swift; sourceTree = "<group>"; };
		919418EE1B0283B9006E448C /* avatarView.swift */ = {isa = PBXFileReference; fileEncoding = 4; lastKnownFileType = sourcecode.swift; path = avatarView.swift; sourceTree = "<group>"; };
		919418F21B0285B5006E448C /* FriendTableViewCell.swift */ = {isa = PBXFileReference; fileEncoding = 4; lastKnownFileType = sourcecode.swift; path = FriendTableViewCell.swift; sourceTree = "<group>"; };
		919418F41B02C2C4006E448C /* roundedButtons.swift */ = {isa = PBXFileReference; fileEncoding = 4; lastKnownFileType = sourcecode.swift; path = roundedButtons.swift; sourceTree = "<group>"; };
		919418F81B02CE64006E448C /* ReposTableTableViewController.swift */ = {isa = PBXFileReference; fileEncoding = 4; lastKnownFileType = sourcecode.swift; path = ReposTableTableViewController.swift; sourceTree = "<group>"; };
		919418FA1B02CEE2006E448C /* RepoTableViewCell.swift */ = {isa = PBXFileReference; fileEncoding = 4; lastKnownFileType = sourcecode.swift; path = RepoTableViewCell.swift; sourceTree = "<group>"; };
/* End PBXFileReference section */

/* Begin PBXFrameworksBuildPhase section */
		919418C41B02390A006E448C /* Frameworks */ = {
			isa = PBXFrameworksBuildPhase;
			buildActionMask = 2147483647;
			files = (
				910C09CF1B14AADD006F9CAB /* Crashlytics.framework in Frameworks */,
				910C09D51B14B1F5006F9CAB /* TwitterCore.framework in Frameworks */,
				910C09CE1B14AADD006F9CAB /* Fabric.framework in Frameworks */,
				910C09D31B14B1F5006F9CAB /* TwitterKit.framework in Frameworks */,
			);
			runOnlyForDeploymentPostprocessing = 0;
		};
		919418D91B02390A006E448C /* Frameworks */ = {
			isa = PBXFrameworksBuildPhase;
			buildActionMask = 2147483647;
			files = (
			);
			runOnlyForDeploymentPostprocessing = 0;
		};
/* End PBXFrameworksBuildPhase section */

/* Begin PBXGroup section */
		910C09CB1B14AAB5006F9CAB /* Frameworks */ = {
			isa = PBXGroup;
			children = (
				910C09D01B14B1F5006F9CAB /* TwitterKit.framework */,
				910C09D11B14B1F5006F9CAB /* TwitterKitResources.bundle */,
				910C09D21B14B1F5006F9CAB /* TwitterCore.framework */,
				910C09CC1B14AADD006F9CAB /* Fabric.framework */,
				910C09CD1B14AADD006F9CAB /* Crashlytics.framework */,
			);
			name = Frameworks;
			path = GithubFriends;
			sourceTree = "<group>";
		};
		919418BE1B02390A006E448C = {
			isa = PBXGroup;
			children = (
				919418C91B02390A006E448C /* GithubFriends */,
				910C09CB1B14AAB5006F9CAB /* Frameworks */,
				919418DF1B02390A006E448C /* GithubFriendsTests */,
				919418C81B02390A006E448C /* Products */,
			);
			sourceTree = "<group>";
		};
		919418C81B02390A006E448C /* Products */ = {
			isa = PBXGroup;
			children = (
				919418C71B02390A006E448C /* GithubFriends.app */,
				919418DC1B02390A006E448C /* GithubFriendsTests.xctest */,
			);
			name = Products;
			sourceTree = "<group>";
		};
		919418C91B02390A006E448C /* GithubFriends */ = {
			isa = PBXGroup;
			children = (
				919418D01B02390A006E448C /* Main.storyboard */,
				919418EC1B02402B006E448C /* FriendTableViewController.swift */,
				919418F21B0285B5006E448C /* FriendTableViewCell.swift */,
				919418F81B02CE64006E448C /* ReposTableTableViewController.swift */,
				919418FA1B02CEE2006E448C /* RepoTableViewCell.swift */,
				9165929A1B03AC0A00C38115 /* AddFriendViewController.swift */,
				919418F41B02C2C4006E448C /* roundedButtons.swift */,
				919418EE1B0283B9006E448C /* avatarView.swift */,
				916592981B0397AE00C38115 /* GitHubRequest.swift */,
				919418CC1B02390A006E448C /* AppDelegate.swift */,
				919418CA1B02390A006E448C /* Supporting Files */,
			);
			path = GithubFriends;
			sourceTree = "<group>";
		};
		919418CA1B02390A006E448C /* Supporting Files */ = {
			isa = PBXGroup;
			children = (
				919418D31B02390A006E448C /* Images.xcassets */,
				919418D51B02390A006E448C /* LaunchScreen.xib */,
				919418CB1B02390A006E448C /* Info.plist */,
			);
			name = "Supporting Files";
			sourceTree = "<group>";
		};
		919418DF1B02390A006E448C /* GithubFriendsTests */ = {
			isa = PBXGroup;
			children = (
				919418E21B02390A006E448C /* GithubFriendsTests.swift */,
				919418E01B02390A006E448C /* Supporting Files */,
			);
			path = GithubFriendsTests;
			sourceTree = "<group>";
		};
		919418E01B02390A006E448C /* Supporting Files */ = {
			isa = PBXGroup;
			children = (
				919418E11B02390A006E448C /* Info.plist */,
			);
			name = "Supporting Files";
			sourceTree = "<group>";
		};
/* End PBXGroup section */

/* Begin PBXNativeTarget section */
		919418C61B02390A006E448C /* GithubFriends */ = {
			isa = PBXNativeTarget;
			buildConfigurationList = 919418E61B02390A006E448C /* Build configuration list for PBXNativeTarget "GithubFriends" */;
			buildPhases = (
				919418C31B02390A006E448C /* Sources */,
				919418C41B02390A006E448C /* Frameworks */,
				919418C51B02390A006E448C /* Resources */,
				910C09CA1B14AA66006F9CAB /* ShellScript */,
			);
			buildRules = (
			);
			dependencies = (
			);
			name = GithubFriends;
			productName = GithubFriends;
			productReference = 919418C71B02390A006E448C /* GithubFriends.app */;
			productType = "com.apple.product-type.application";
		};
		919418DB1B02390A006E448C /* GithubFriendsTests */ = {
			isa = PBXNativeTarget;
			buildConfigurationList = 919418E91B02390A006E448C /* Build configuration list for PBXNativeTarget "GithubFriendsTests" */;
			buildPhases = (
				919418D81B02390A006E448C /* Sources */,
				919418D91B02390A006E448C /* Frameworks */,
				919418DA1B02390A006E448C /* Resources */,
			);
			buildRules = (
			);
			dependencies = (
				919418DE1B02390A006E448C /* PBXTargetDependency */,
			);
			name = GithubFriendsTests;
			productName = GithubFriendsTests;
			productReference = 919418DC1B02390A006E448C /* GithubFriendsTests.xctest */;
			productType = "com.apple.product-type.bundle.unit-test";
		};
/* End PBXNativeTarget section */

/* Begin PBXProject section */
		919418BF1B02390A006E448C /* Project object */ = {
			isa = PBXProject;
			attributes = {
				LastUpgradeCheck = 0630;
				ORGANIZATIONNAME = "Kyle Brooks Robinson";
				TargetAttributes = {
					919418C61B02390A006E448C = {
						CreatedOnToolsVersion = 6.3.1;
					};
					919418DB1B02390A006E448C = {
						CreatedOnToolsVersion = 6.3.1;
						TestTargetID = 919418C61B02390A006E448C;
					};
				};
			};
			buildConfigurationList = 919418C21B02390A006E448C /* Build configuration list for PBXProject "GithubFriends" */;
			compatibilityVersion = "Xcode 3.2";
			developmentRegion = English;
			hasScannedForEncodings = 0;
			knownRegions = (
				en,
				Base,
			);
			mainGroup = 919418BE1B02390A006E448C;
			productRefGroup = 919418C81B02390A006E448C /* Products */;
			projectDirPath = "";
			projectRoot = "";
			targets = (
				919418C61B02390A006E448C /* GithubFriends */,
				919418DB1B02390A006E448C /* GithubFriendsTests */,
			);
		};
/* End PBXProject section */

/* Begin PBXResourcesBuildPhase section */
		919418C51B02390A006E448C /* Resources */ = {
			isa = PBXResourcesBuildPhase;
			buildActionMask = 2147483647;
			files = (
				910C09D41B14B1F5006F9CAB /* TwitterKitResources.bundle in Resources */,
				919418D21B02390A006E448C /* Main.storyboard in Resources */,
				919418D71B02390A006E448C /* LaunchScreen.xib in Resources */,
				919418D41B02390A006E448C /* Images.xcassets in Resources */,
			);
			runOnlyForDeploymentPostprocessing = 0;
		};
		919418DA1B02390A006E448C /* Resources */ = {
			isa = PBXResourcesBuildPhase;
			buildActionMask = 2147483647;
			files = (
			);
			runOnlyForDeploymentPostprocessing = 0;
		};
/* End PBXResourcesBuildPhase section */

/* Begin PBXShellScriptBuildPhase section */
		910C09CA1B14AA66006F9CAB /* ShellScript */ = {
			isa = PBXShellScriptBuildPhase;
			buildActionMask = 2147483647;
			files = (
			);
			inputPaths = (
			);
			outputPaths = (
			);
			runOnlyForDeploymentPostprocessing = 0;
			shellPath = /bin/sh;
			shellScript = "./Fabric.framework/run da87a3a0eabf0596da50912311d2188fcbd64c94 0fad7c93626d7648ab5e93efd004f5d692a8c2ae9a3bb3cbc7bcf78f7a1e741f";
		};
/* End PBXShellScriptBuildPhase section */

/* Begin PBXSourcesBuildPhase section */
		919418C31B02390A006E448C /* Sources */ = {
			isa = PBXSourcesBuildPhase;
			buildActionMask = 2147483647;
			files = (
				919418CD1B02390A006E448C /* AppDelegate.swift in Sources */,
				919418FB1B02CEE2006E448C /* RepoTableViewCell.swift in Sources */,
				916592991B0397AE00C38115 /* GitHubRequest.swift in Sources */,
				9165929B1B03AC0A00C38115 /* AddFriendViewController.swift in Sources */,
				919418F51B02C2C4006E448C /* roundedButtons.swift in Sources */,
				919418ED1B02402B006E448C /* FriendTableViewController.swift in Sources */,
				919418EF1B0283B9006E448C /* avatarView.swift in Sources */,
				919418F91B02CE64006E448C /* ReposTableTableViewController.swift in Sources */,
				919418F31B0285B5006E448C /* FriendTableViewCell.swift in Sources */,
			);
			runOnlyForDeploymentPostprocessing = 0;
		};
		919418D81B02390A006E448C /* Sources */ = {
			isa = PBXSourcesBuildPhase;
			buildActionMask = 2147483647;
			files = (
				919418E31B02390A006E448C /* GithubFriendsTests.swift in Sources */,
			);
			runOnlyForDeploymentPostprocessing = 0;
		};
/* End PBXSourcesBuildPhase section */

/* Begin PBXTargetDependency section */
		919418DE1B02390A006E448C /* PBXTargetDependency */ = {
			isa = PBXTargetDependency;
			target = 919418C61B02390A006E448C /* GithubFriends */;
			targetProxy = 919418DD1B02390A006E448C /* PBXContainerItemProxy */;
		};
/* End PBXTargetDependency section */

/* Begin PBXVariantGroup section */
		919418D01B02390A006E448C /* Main.storyboard */ = {
			isa = PBXVariantGroup;
			children = (
				919418D11B02390A006E448C /* Base */,
			);
			name = Main.storyboard;
			sourceTree = "<group>";
		};
		919418D51B02390A006E448C /* LaunchScreen.xib */ = {
			isa = PBXVariantGroup;
			children = (
				919418D61B02390A006E448C /* Base */,
			);
			name = LaunchScreen.xib;
			sourceTree = "<group>";
		};
/* End PBXVariantGroup section */

/* Begin XCBuildConfiguration section */
		919418E41B02390A006E448C /* Debug */ = {
			isa = XCBuildConfiguration;
			buildSettings = {
				ALWAYS_SEARCH_USER_PATHS = NO;
				CLANG_CXX_LANGUAGE_STANDARD = "gnu++0x";
				CLANG_CXX_LIBRARY = "libc++";
				CLANG_ENABLE_MODULES = YES;
				CLANG_ENABLE_OBJC_ARC = YES;
				CLANG_WARN_BOOL_CONVERSION = YES;
				CLANG_WARN_CONSTANT_CONVERSION = YES;
				CLANG_WARN_DIRECT_OBJC_ISA_USAGE = YES_ERROR;
				CLANG_WARN_EMPTY_BODY = YES;
				CLANG_WARN_ENUM_CONVERSION = YES;
				CLANG_WARN_INT_CONVERSION = YES;
				CLANG_WARN_OBJC_ROOT_CLASS = YES_ERROR;
				CLANG_WARN_UNREACHABLE_CODE = YES;
				CLANG_WARN__DUPLICATE_METHOD_MATCH = YES;
				"CODE_SIGN_IDENTITY[sdk=iphoneos*]" = "iPhone Developer";
				COPY_PHASE_STRIP = NO;
				DEBUG_INFORMATION_FORMAT = "dwarf-with-dsym";
				ENABLE_STRICT_OBJC_MSGSEND = YES;
				GCC_C_LANGUAGE_STANDARD = gnu99;
				GCC_DYNAMIC_NO_PIC = NO;
				GCC_NO_COMMON_BLOCKS = YES;
				GCC_OPTIMIZATION_LEVEL = 0;
				GCC_PREPROCESSOR_DEFINITIONS = (
					"DEBUG=1",
					"$(inherited)",
				);
				GCC_SYMBOLS_PRIVATE_EXTERN = NO;
				GCC_WARN_64_TO_32_BIT_CONVERSION = YES;
				GCC_WARN_ABOUT_RETURN_TYPE = YES_ERROR;
				GCC_WARN_UNDECLARED_SELECTOR = YES;
				GCC_WARN_UNINITIALIZED_AUTOS = YES_AGGRESSIVE;
				GCC_WARN_UNUSED_FUNCTION = YES;
				GCC_WARN_UNUSED_VARIABLE = YES;
				IPHONEOS_DEPLOYMENT_TARGET = 8.3;
				MTL_ENABLE_DEBUG_INFO = YES;
				ONLY_ACTIVE_ARCH = YES;
				SDKROOT = iphoneos;
				SWIFT_OPTIMIZATION_LEVEL = "-Onone";
			};
			name = Debug;
		};
		919418E51B02390A006E448C /* Release */ = {
			isa = XCBuildConfiguration;
			buildSettings = {
				ALWAYS_SEARCH_USER_PATHS = NO;
				CLANG_CXX_LANGUAGE_STANDARD = "gnu++0x";
				CLANG_CXX_LIBRARY = "libc++";
				CLANG_ENABLE_MODULES = YES;
				CLANG_ENABLE_OBJC_ARC = YES;
				CLANG_WARN_BOOL_CONVERSION = YES;
				CLANG_WARN_CONSTANT_CONVERSION = YES;
				CLANG_WARN_DIRECT_OBJC_ISA_USAGE = YES_ERROR;
				CLANG_WARN_EMPTY_BODY = YES;
				CLANG_WARN_ENUM_CONVERSION = YES;
				CLANG_WARN_INT_CONVERSION = YES;
				CLANG_WARN_OBJC_ROOT_CLASS = YES_ERROR;
				CLANG_WARN_UNREACHABLE_CODE = YES;
				CLANG_WARN__DUPLICATE_METHOD_MATCH = YES;
				"CODE_SIGN_IDENTITY[sdk=iphoneos*]" = "iPhone Developer";
				COPY_PHASE_STRIP = NO;
				DEBUG_INFORMATION_FORMAT = "dwarf-with-dsym";
				ENABLE_NS_ASSERTIONS = NO;
				ENABLE_STRICT_OBJC_MSGSEND = YES;
				GCC_C_LANGUAGE_STANDARD = gnu99;
				GCC_NO_COMMON_BLOCKS = YES;
				GCC_WARN_64_TO_32_BIT_CONVERSION = YES;
				GCC_WARN_ABOUT_RETURN_TYPE = YES_ERROR;
				GCC_WARN_UNDECLARED_SELECTOR = YES;
				GCC_WARN_UNINITIALIZED_AUTOS = YES_AGGRESSIVE;
				GCC_WARN_UNUSED_FUNCTION = YES;
				GCC_WARN_UNUSED_VARIABLE = YES;
				IPHONEOS_DEPLOYMENT_TARGET = 8.3;
				MTL_ENABLE_DEBUG_INFO = NO;
				SDKROOT = iphoneos;
				VALIDATE_PRODUCT = YES;
			};
			name = Release;
		};
		919418E71B02390A006E448C /* Debug */ = {
			isa = XCBuildConfiguration;
			buildSettings = {
				ASSETCATALOG_COMPILER_APPICON_NAME = AppIcon;
				FRAMEWORK_SEARCH_PATHS = (
					"$(inherited)",
					"$(PROJECT_DIR)/GithubFriends",
				);
				INFOPLIST_FILE = GithubFriends/Info.plist;
				LD_RUNPATH_SEARCH_PATHS = "$(inherited) @executable_path/Frameworks";
				PRODUCT_NAME = "$(TARGET_NAME)";
			};
			name = Debug;
		};
		919418E81B02390A006E448C /* Release */ = {
			isa = XCBuildConfiguration;
			buildSettings = {
				ASSETCATALOG_COMPILER_APPICON_NAME = AppIcon;
				FRAMEWORK_SEARCH_PATHS = (
					"$(inherited)",
					"$(PROJECT_DIR)/GithubFriends",
				);
				INFOPLIST_FILE = GithubFriends/Info.plist;
				LD_RUNPATH_SEARCH_PATHS = "$(inherited) @executable_path/Frameworks";
				PRODUCT_NAME = "$(TARGET_NAME)";
			};
			name = Release;
		};
		919418EA1B02390A006E448C /* Debug */ = {
			isa = XCBuildConfiguration;
			buildSettings = {
				BUNDLE_LOADER = "$(TEST_HOST)";
				FRAMEWORK_SEARCH_PATHS = (
					"$(SDKROOT)/Developer/Library/Frameworks",
					"$(inherited)",
				);
				GCC_PREPROCESSOR_DEFINITIONS = (
					"DEBUG=1",
					"$(inherited)",
				);
				INFOPLIST_FILE = GithubFriendsTests/Info.plist;
				LD_RUNPATH_SEARCH_PATHS = "$(inherited) @executable_path/Frameworks @loader_path/Frameworks";
				PRODUCT_NAME = "$(TARGET_NAME)";
				TEST_HOST = "$(BUILT_PRODUCTS_DIR)/GithubFriends.app/GithubFriends";
			};
			name = Debug;
		};
		919418EB1B02390A006E448C /* Release */ = {
			isa = XCBuildConfiguration;
			buildSettings = {
				BUNDLE_LOADER = "$(TEST_HOST)";
				FRAMEWORK_SEARCH_PATHS = (
					"$(SDKROOT)/Developer/Library/Frameworks",
					"$(inherited)",
				);
				INFOPLIST_FILE = GithubFriendsTests/Info.plist;
				LD_RUNPATH_SEARCH_PATHS = "$(inherited) @executable_path/Frameworks @loader_path/Frameworks";
				PRODUCT_NAME = "$(TARGET_NAME)";
				TEST_HOST = "$(BUILT_PRODUCTS_DIR)/GithubFriends.app/GithubFriends";
			};
			name = Release;
		};
/* End XCBuildConfiguration section */

/* Begin XCConfigurationList section */
		919418C21B02390A006E448C /* Build configuration list for PBXProject "GithubFriends" */ = {
			isa = XCConfigurationList;
			buildConfigurations = (
				919418E41B02390A006E448C /* Debug */,
				919418E51B02390A006E448C /* Release */,
			);
			defaultConfigurationIsVisible = 0;
			defaultConfigurationName = Release;
		};
		919418E61B02390A006E448C /* Build configuration list for PBXNativeTarget "GithubFriends" */ = {
			isa = XCConfigurationList;
			buildConfigurations = (
				919418E71B02390A006E448C /* Debug */,
				919418E81B02390A006E448C /* Release */,
			);
			defaultConfigurationIsVisible = 0;
			defaultConfigurationName = Release;
		};
		919418E91B02390A006E448C /* Build configuration list for PBXNativeTarget "GithubFriendsTests" */ = {
			isa = XCConfigurationList;
			buildConfigurations = (
				919418EA1B02390A006E448C /* Debug */,
				919418EB1B02390A006E448C /* Release */,
			);
			defaultConfigurationIsVisible = 0;
			defaultConfigurationName = Release;
		};
/* End XCConfigurationList section */
	};
	rootObject = 919418BF1B02390A006E448C /* Project object */;
}
