// !$*UTF8*$!
{
	archiveVersion = 1;
	classes = {
	};
	objectVersion = 46;
	objects = {

/* Begin PBXBuildFile section */
		9147A72C1B2F106F00D21AC8 /* main.m in Sources */ = {isa = PBXBuildFile; fileRef = 9147A72B1B2F106F00D21AC8 /* main.m */; };
		9147A72F1B2F106F00D21AC8 /* AppDelegate.m in Sources */ = {isa = PBXBuildFile; fileRef = 9147A72E1B2F106F00D21AC8 /* AppDelegate.m */; };
		9147A7351B2F106F00D21AC8 /* Main.storyboard in Resources */ = {isa = PBXBuildFile; fileRef = 9147A7331B2F106F00D21AC8 /* Main.storyboard */; };
		9147A7371B2F106F00D21AC8 /* Images.xcassets in Resources */ = {isa = PBXBuildFile; fileRef = 9147A7361B2F106F00D21AC8 /* Images.xcassets */; };
		9147A73A1B2F106F00D21AC8 /* LaunchScreen.xib in Resources */ = {isa = PBXBuildFile; fileRef = 9147A7381B2F106F00D21AC8 /* LaunchScreen.xib */; };
		9147A7461B2F106F00D21AC8 /* SecretsTests.m in Sources */ = {isa = PBXBuildFile; fileRef = 9147A7451B2F106F00D21AC8 /* SecretsTests.m */; };
		9147A7511B2F133D00D21AC8 /* FriendsTableViewController.m in Sources */ = {isa = PBXBuildFile; fileRef = 9147A7501B2F133D00D21AC8 /* FriendsTableViewController.m */; };
		9147A7541B2F136600D21AC8 /* SearchTableViewController.m in Sources */ = {isa = PBXBuildFile; fileRef = 9147A7531B2F136600D21AC8 /* SearchTableViewController.m */; };
		9147A7651B2F146F00D21AC8 /* AudioToolbox.framework in Frameworks */ = {isa = PBXBuildFile; fileRef = 9147A7581B2F146F00D21AC8 /* AudioToolbox.framework */; };
		9147A7661B2F146F00D21AC8 /* CFNetwork.framework in Frameworks */ = {isa = PBXBuildFile; fileRef = 9147A7591B2F146F00D21AC8 /* CFNetwork.framework */; };
		9147A7671B2F146F00D21AC8 /* CoreGraphics.framework in Frameworks */ = {isa = PBXBuildFile; fileRef = 9147A75A1B2F146F00D21AC8 /* CoreGraphics.framework */; };
		9147A7681B2F146F00D21AC8 /* CoreLocation.framework in Frameworks */ = {isa = PBXBuildFile; fileRef = 9147A75B1B2F146F00D21AC8 /* CoreLocation.framework */; };
		9147A7691B2F146F00D21AC8 /* libsqlite3.dylib in Frameworks */ = {isa = PBXBuildFile; fileRef = 9147A75C1B2F146F00D21AC8 /* libsqlite3.dylib */; };
		9147A76A1B2F146F00D21AC8 /* libz.dylib in Frameworks */ = {isa = PBXBuildFile; fileRef = 9147A75D1B2F146F00D21AC8 /* libz.dylib */; };
		9147A76B1B2F146F00D21AC8 /* MobileCoreServices.framework in Frameworks */ = {isa = PBXBuildFile; fileRef = 9147A75E1B2F146F00D21AC8 /* MobileCoreServices.framework */; };
		9147A76C1B2F146F00D21AC8 /* QuartzCore.framework in Frameworks */ = {isa = PBXBuildFile; fileRef = 9147A75F1B2F146F00D21AC8 /* QuartzCore.framework */; };
		9147A76D1B2F146F00D21AC8 /* Security.framework in Frameworks */ = {isa = PBXBuildFile; fileRef = 9147A7601B2F146F00D21AC8 /* Security.framework */; };
		9147A76F1B2F146F00D21AC8 /* SystemConfiguration.framework in Frameworks */ = {isa = PBXBuildFile; fileRef = 9147A7621B2F146F00D21AC8 /* SystemConfiguration.framework */; };
		91FD52F71B2F48ED00C68519 /* Bolts.framework in Frameworks */ = {isa = PBXBuildFile; fileRef = 9147A7561B2F146F00D21AC8 /* Bolts.framework */; };
		91FD52F81B2F48F200C68519 /* Parse.framework in Frameworks */ = {isa = PBXBuildFile; fileRef = 9147A7571B2F146F00D21AC8 /* Parse.framework */; };
/* End PBXBuildFile section */

/* Begin PBXContainerItemProxy section */
		9147A7401B2F106F00D21AC8 /* PBXContainerItemProxy */ = {
			isa = PBXContainerItemProxy;
			containerPortal = 9147A71E1B2F106F00D21AC8 /* Project object */;
			proxyType = 1;
			remoteGlobalIDString = 9147A7251B2F106F00D21AC8;
			remoteInfo = Secrets;
		};
/* End PBXContainerItemProxy section */

/* Begin PBXFileReference section */
		9147A7261B2F106F00D21AC8 /* Secrets.app */ = {isa = PBXFileReference; explicitFileType = wrapper.application; includeInIndex = 0; path = Secrets.app; sourceTree = BUILT_PRODUCTS_DIR; };
		9147A72A1B2F106F00D21AC8 /* Info.plist */ = {isa = PBXFileReference; lastKnownFileType = text.plist.xml; path = Info.plist; sourceTree = "<group>"; };
		9147A72B1B2F106F00D21AC8 /* main.m */ = {isa = PBXFileReference; lastKnownFileType = sourcecode.c.objc; path = main.m; sourceTree = "<group>"; };
		9147A72D1B2F106F00D21AC8 /* AppDelegate.h */ = {isa = PBXFileReference; lastKnownFileType = sourcecode.c.h; path = AppDelegate.h; sourceTree = "<group>"; };
		9147A72E1B2F106F00D21AC8 /* AppDelegate.m */ = {isa = PBXFileReference; lastKnownFileType = sourcecode.c.objc; path = AppDelegate.m; sourceTree = "<group>"; };
		9147A7341B2F106F00D21AC8 /* Base */ = {isa = PBXFileReference; lastKnownFileType = file.storyboard; name = Base; path = Base.lproj/Main.storyboard; sourceTree = "<group>"; };
		9147A7361B2F106F00D21AC8 /* Images.xcassets */ = {isa = PBXFileReference; lastKnownFileType = folder.assetcatalog; path = Images.xcassets; sourceTree = "<group>"; };
		9147A7391B2F106F00D21AC8 /* Base */ = {isa = PBXFileReference; lastKnownFileType = file.xib; name = Base; path = Base.lproj/LaunchScreen.xib; sourceTree = "<group>"; };
		9147A73F1B2F106F00D21AC8 /* SecretsTests.xctest */ = {isa = PBXFileReference; explicitFileType = wrapper.cfbundle; includeInIndex = 0; path = SecretsTests.xctest; sourceTree = BUILT_PRODUCTS_DIR; };
		9147A7441B2F106F00D21AC8 /* Info.plist */ = {isa = PBXFileReference; lastKnownFileType = text.plist.xml; path = Info.plist; sourceTree = "<group>"; };
		9147A7451B2F106F00D21AC8 /* SecretsTests.m */ = {isa = PBXFileReference; lastKnownFileType = sourcecode.c.objc; path = SecretsTests.m; sourceTree = "<group>"; };
		9147A74F1B2F133D00D21AC8 /* FriendsTableViewController.h */ = {isa = PBXFileReference; fileEncoding = 4; lastKnownFileType = sourcecode.c.h; path = FriendsTableViewController.h; sourceTree = "<group>"; };
		9147A7501B2F133D00D21AC8 /* FriendsTableViewController.m */ = {isa = PBXFileReference; fileEncoding = 4; lastKnownFileType = sourcecode.c.objc; path = FriendsTableViewController.m; sourceTree = "<group>"; };
		9147A7521B2F136600D21AC8 /* SearchTableViewController.h */ = {isa = PBXFileReference; fileEncoding = 4; lastKnownFileType = sourcecode.c.h; path = SearchTableViewController.h; sourceTree = "<group>"; };
		9147A7531B2F136600D21AC8 /* SearchTableViewController.m */ = {isa = PBXFileReference; fileEncoding = 4; lastKnownFileType = sourcecode.c.objc; path = SearchTableViewController.m; sourceTree = "<group>"; };
		9147A7561B2F146F00D21AC8 /* Bolts.framework */ = {isa = PBXFileReference; lastKnownFileType = wrapper.framework; name = Bolts.framework; path = ../../../SelfieStatus/Bolts.framework; sourceTree = "<group>"; };
		9147A7571B2F146F00D21AC8 /* Parse.framework */ = {isa = PBXFileReference; lastKnownFileType = wrapper.framework; name = Parse.framework; path = ../../../SelfieStatus/Parse.framework; sourceTree = "<group>"; };
		9147A7581B2F146F00D21AC8 /* AudioToolbox.framework */ = {isa = PBXFileReference; lastKnownFileType = wrapper.framework; name = AudioToolbox.framework; path = System/Library/Frameworks/AudioToolbox.framework; sourceTree = SDKROOT; };
		9147A7591B2F146F00D21AC8 /* CFNetwork.framework */ = {isa = PBXFileReference; lastKnownFileType = wrapper.framework; name = CFNetwork.framework; path = System/Library/Frameworks/CFNetwork.framework; sourceTree = SDKROOT; };
		9147A75A1B2F146F00D21AC8 /* CoreGraphics.framework */ = {isa = PBXFileReference; lastKnownFileType = wrapper.framework; name = CoreGraphics.framework; path = System/Library/Frameworks/CoreGraphics.framework; sourceTree = SDKROOT; };
		9147A75B1B2F146F00D21AC8 /* CoreLocation.framework */ = {isa = PBXFileReference; lastKnownFileType = wrapper.framework; name = CoreLocation.framework; path = System/Library/Frameworks/CoreLocation.framework; sourceTree = SDKROOT; };
		9147A75C1B2F146F00D21AC8 /* libsqlite3.dylib */ = {isa = PBXFileReference; lastKnownFileType = "compiled.mach-o.dylib"; name = libsqlite3.dylib; path = usr/lib/libsqlite3.dylib; sourceTree = SDKROOT; };
		9147A75D1B2F146F00D21AC8 /* libz.dylib */ = {isa = PBXFileReference; lastKnownFileType = "compiled.mach-o.dylib"; name = libz.dylib; path = usr/lib/libz.dylib; sourceTree = SDKROOT; };
		9147A75E1B2F146F00D21AC8 /* MobileCoreServices.framework */ = {isa = PBXFileReference; lastKnownFileType = wrapper.framework; name = MobileCoreServices.framework; path = System/Library/Frameworks/MobileCoreServices.framework; sourceTree = SDKROOT; };
		9147A75F1B2F146F00D21AC8 /* QuartzCore.framework */ = {isa = PBXFileReference; lastKnownFileType = wrapper.framework; name = QuartzCore.framework; path = System/Library/Frameworks/QuartzCore.framework; sourceTree = SDKROOT; };
		9147A7601B2F146F00D21AC8 /* Security.framework */ = {isa = PBXFileReference; lastKnownFileType = wrapper.framework; name = Security.framework; path = System/Library/Frameworks/Security.framework; sourceTree = SDKROOT; };
		9147A7621B2F146F00D21AC8 /* SystemConfiguration.framework */ = {isa = PBXFileReference; lastKnownFileType = wrapper.framework; name = SystemConfiguration.framework; path = System/Library/Frameworks/SystemConfiguration.framework; sourceTree = SDKROOT; };
/* End PBXFileReference section */

/* Begin PBXFrameworksBuildPhase section */
		9147A7231B2F106F00D21AC8 /* Frameworks */ = {
			isa = PBXFrameworksBuildPhase;
			buildActionMask = 2147483647;
			files = (
				9147A76C1B2F146F00D21AC8 /* QuartzCore.framework in Frameworks */,
				9147A7681B2F146F00D21AC8 /* CoreLocation.framework in Frameworks */,
				9147A76D1B2F146F00D21AC8 /* Security.framework in Frameworks */,
				9147A76F1B2F146F00D21AC8 /* SystemConfiguration.framework in Frameworks */,
				9147A7661B2F146F00D21AC8 /* CFNetwork.framework in Frameworks */,
				91FD52F81B2F48F200C68519 /* Parse.framework in Frameworks */,
				91FD52F71B2F48ED00C68519 /* Bolts.framework in Frameworks */,
				9147A7691B2F146F00D21AC8 /* libsqlite3.dylib in Frameworks */,
				9147A76A1B2F146F00D21AC8 /* libz.dylib in Frameworks */,
				9147A76B1B2F146F00D21AC8 /* MobileCoreServices.framework in Frameworks */,
				9147A7671B2F146F00D21AC8 /* CoreGraphics.framework in Frameworks */,
				9147A7651B2F146F00D21AC8 /* AudioToolbox.framework in Frameworks */,
			);
			runOnlyForDeploymentPostprocessing = 0;
		};
		9147A73C1B2F106F00D21AC8 /* Frameworks */ = {
			isa = PBXFrameworksBuildPhase;
			buildActionMask = 2147483647;
			files = (
			);
			runOnlyForDeploymentPostprocessing = 0;
		};
/* End PBXFrameworksBuildPhase section */

/* Begin PBXGroup section */
		9147A71D1B2F106F00D21AC8 = {
			isa = PBXGroup;
			children = (
				9147A7281B2F106F00D21AC8 /* Secrets */,
				9147A7421B2F106F00D21AC8 /* SecretsTests */,
				9147A7271B2F106F00D21AC8 /* Products */,
				9147A7551B2F13B200D21AC8 /* Frameworks */,
			);
			sourceTree = "<group>";
		};
		9147A7271B2F106F00D21AC8 /* Products */ = {
			isa = PBXGroup;
			children = (
				9147A7261B2F106F00D21AC8 /* Secrets.app */,
				9147A73F1B2F106F00D21AC8 /* SecretsTests.xctest */,
			);
			name = Products;
			sourceTree = "<group>";
		};
		9147A7281B2F106F00D21AC8 /* Secrets */ = {
			isa = PBXGroup;
			children = (
				9147A74F1B2F133D00D21AC8 /* FriendsTableViewController.h */,
				9147A7501B2F133D00D21AC8 /* FriendsTableViewController.m */,
				9147A7521B2F136600D21AC8 /* SearchTableViewController.h */,
				9147A7531B2F136600D21AC8 /* SearchTableViewController.m */,
				9147A7331B2F106F00D21AC8 /* Main.storyboard */,
				9147A7291B2F106F00D21AC8 /* Supporting Files */,
			);
			path = Secrets;
			sourceTree = "<group>";
		};
		9147A7291B2F106F00D21AC8 /* Supporting Files */ = {
			isa = PBXGroup;
			children = (
				9147A72D1B2F106F00D21AC8 /* AppDelegate.h */,
				9147A72E1B2F106F00D21AC8 /* AppDelegate.m */,
				9147A7361B2F106F00D21AC8 /* Images.xcassets */,
				9147A7381B2F106F00D21AC8 /* LaunchScreen.xib */,
				9147A72A1B2F106F00D21AC8 /* Info.plist */,
				9147A72B1B2F106F00D21AC8 /* main.m */,
			);
			name = "Supporting Files";
			sourceTree = "<group>";
		};
		9147A7421B2F106F00D21AC8 /* SecretsTests */ = {
			isa = PBXGroup;
			children = (
				9147A7451B2F106F00D21AC8 /* SecretsTests.m */,
				9147A7431B2F106F00D21AC8 /* Supporting Files */,
			);
			path = SecretsTests;
			sourceTree = "<group>";
		};
		9147A7431B2F106F00D21AC8 /* Supporting Files */ = {
			isa = PBXGroup;
			children = (
				9147A7441B2F106F00D21AC8 /* Info.plist */,
			);
			name = "Supporting Files";
			sourceTree = "<group>";
		};
		9147A7551B2F13B200D21AC8 /* Frameworks */ = {
			isa = PBXGroup;
			children = (
				9147A7561B2F146F00D21AC8 /* Bolts.framework */,
				9147A7571B2F146F00D21AC8 /* Parse.framework */,
				9147A7581B2F146F00D21AC8 /* AudioToolbox.framework */,
				9147A7591B2F146F00D21AC8 /* CFNetwork.framework */,
				9147A75A1B2F146F00D21AC8 /* CoreGraphics.framework */,
				9147A75B1B2F146F00D21AC8 /* CoreLocation.framework */,
				9147A75C1B2F146F00D21AC8 /* libsqlite3.dylib */,
				9147A75D1B2F146F00D21AC8 /* libz.dylib */,
				9147A75E1B2F146F00D21AC8 /* MobileCoreServices.framework */,
				9147A75F1B2F146F00D21AC8 /* QuartzCore.framework */,
				9147A7601B2F146F00D21AC8 /* Security.framework */,
				9147A7621B2F146F00D21AC8 /* SystemConfiguration.framework */,
			);
			name = Frameworks;
			path = Secrets;
			sourceTree = "<group>";
		};
/* End PBXGroup section */

/* Begin PBXNativeTarget section */
		9147A7251B2F106F00D21AC8 /* Secrets */ = {
			isa = PBXNativeTarget;
			buildConfigurationList = 9147A7491B2F106F00D21AC8 /* Build configuration list for PBXNativeTarget "Secrets" */;
			buildPhases = (
				9147A7221B2F106F00D21AC8 /* Sources */,
				9147A7231B2F106F00D21AC8 /* Frameworks */,
				9147A7241B2F106F00D21AC8 /* Resources */,
			);
			buildRules = (
			);
			dependencies = (
			);
			name = Secrets;
			productName = Secrets;
			productReference = 9147A7261B2F106F00D21AC8 /* Secrets.app */;
			productType = "com.apple.product-type.application";
		};
		9147A73E1B2F106F00D21AC8 /* SecretsTests */ = {
			isa = PBXNativeTarget;
			buildConfigurationList = 9147A74C1B2F106F00D21AC8 /* Build configuration list for PBXNativeTarget "SecretsTests" */;
			buildPhases = (
				9147A73B1B2F106F00D21AC8 /* Sources */,
				9147A73C1B2F106F00D21AC8 /* Frameworks */,
				9147A73D1B2F106F00D21AC8 /* Resources */,
			);
			buildRules = (
			);
			dependencies = (
				9147A7411B2F106F00D21AC8 /* PBXTargetDependency */,
			);
			name = SecretsTests;
			productName = SecretsTests;
			productReference = 9147A73F1B2F106F00D21AC8 /* SecretsTests.xctest */;
			productType = "com.apple.product-type.bundle.unit-test";
		};
/* End PBXNativeTarget section */

/* Begin PBXProject section */
		9147A71E1B2F106F00D21AC8 /* Project object */ = {
			isa = PBXProject;
			attributes = {
				LastUpgradeCheck = 0630;
				ORGANIZATIONNAME = "Kyle Brooks Robinson";
				TargetAttributes = {
					9147A7251B2F106F00D21AC8 = {
						CreatedOnToolsVersion = 6.3.1;
						DevelopmentTeam = ZXS7HWUJP6;
						SystemCapabilities = {
							com.apple.InAppPurchase = {
								enabled = 0;
							};
						};
					};
					9147A73E1B2F106F00D21AC8 = {
						CreatedOnToolsVersion = 6.3.1;
						TestTargetID = 9147A7251B2F106F00D21AC8;
					};
				};
			};
			buildConfigurationList = 9147A7211B2F106F00D21AC8 /* Build configuration list for PBXProject "Secrets" */;
			compatibilityVersion = "Xcode 3.2";
			developmentRegion = English;
			hasScannedForEncodings = 0;
			knownRegions = (
				en,
				Base,
			);
			mainGroup = 9147A71D1B2F106F00D21AC8;
			productRefGroup = 9147A7271B2F106F00D21AC8 /* Products */;
			projectDirPath = "";
			projectRoot = "";
			targets = (
				9147A7251B2F106F00D21AC8 /* Secrets */,
				9147A73E1B2F106F00D21AC8 /* SecretsTests */,
			);
		};
/* End PBXProject section */

/* Begin PBXResourcesBuildPhase section */
		9147A7241B2F106F00D21AC8 /* Resources */ = {
			isa = PBXResourcesBuildPhase;
			buildActionMask = 2147483647;
			files = (
				9147A7351B2F106F00D21AC8 /* Main.storyboard in Resources */,
				9147A73A1B2F106F00D21AC8 /* LaunchScreen.xib in Resources */,
				9147A7371B2F106F00D21AC8 /* Images.xcassets in Resources */,
			);
			runOnlyForDeploymentPostprocessing = 0;
		};
		9147A73D1B2F106F00D21AC8 /* Resources */ = {
			isa = PBXResourcesBuildPhase;
			buildActionMask = 2147483647;
			files = (
			);
			runOnlyForDeploymentPostprocessing = 0;
		};
/* End PBXResourcesBuildPhase section */

/* Begin PBXSourcesBuildPhase section */
		9147A7221B2F106F00D21AC8 /* Sources */ = {
			isa = PBXSourcesBuildPhase;
			buildActionMask = 2147483647;
			files = (
				9147A7511B2F133D00D21AC8 /* FriendsTableViewController.m in Sources */,
				9147A72F1B2F106F00D21AC8 /* AppDelegate.m in Sources */,
				9147A72C1B2F106F00D21AC8 /* main.m in Sources */,
				9147A7541B2F136600D21AC8 /* SearchTableViewController.m in Sources */,
			);
			runOnlyForDeploymentPostprocessing = 0;
		};
		9147A73B1B2F106F00D21AC8 /* Sources */ = {
			isa = PBXSourcesBuildPhase;
			buildActionMask = 2147483647;
			files = (
				9147A7461B2F106F00D21AC8 /* SecretsTests.m in Sources */,
			);
			runOnlyForDeploymentPostprocessing = 0;
		};
/* End PBXSourcesBuildPhase section */

/* Begin PBXTargetDependency section */
		9147A7411B2F106F00D21AC8 /* PBXTargetDependency */ = {
			isa = PBXTargetDependency;
			target = 9147A7251B2F106F00D21AC8 /* Secrets */;
			targetProxy = 9147A7401B2F106F00D21AC8 /* PBXContainerItemProxy */;
		};
/* End PBXTargetDependency section */

/* Begin PBXVariantGroup section */
		9147A7331B2F106F00D21AC8 /* Main.storyboard */ = {
			isa = PBXVariantGroup;
			children = (
				9147A7341B2F106F00D21AC8 /* Base */,
			);
			name = Main.storyboard;
			sourceTree = "<group>";
		};
		9147A7381B2F106F00D21AC8 /* LaunchScreen.xib */ = {
			isa = PBXVariantGroup;
			children = (
				9147A7391B2F106F00D21AC8 /* Base */,
			);
			name = LaunchScreen.xib;
			sourceTree = "<group>";
		};
/* End PBXVariantGroup section */

/* Begin XCBuildConfiguration section */
		9147A7471B2F106F00D21AC8 /* Debug */ = {
			isa = XCBuildConfiguration;
			buildSettings = {
				ALWAYS_SEARCH_USER_PATHS = NO;
				CLANG_CXX_LANGUAGE_STANDARD = "gnu++0x";
				CLANG_CXX_LIBRARY = "libc++";
				CLANG_ENABLE_MODULES = YES;
				CLANG_ENABLE_OBJC_ARC = YES;
				CLANG_WARN_BOOL_CONVERSION = YES;
				CLANG_WARN_CONSTANT_CONVERSION = YES;
				CLANG_WARN_DIRECT_OBJC_ISA_USAGE = YES_ERROR;
				CLANG_WARN_EMPTY_BODY = YES;
				CLANG_WARN_ENUM_CONVERSION = YES;
				CLANG_WARN_INT_CONVERSION = YES;
				CLANG_WARN_OBJC_ROOT_CLASS = YES_ERROR;
				CLANG_WARN_UNREACHABLE_CODE = YES;
				CLANG_WARN__DUPLICATE_METHOD_MATCH = YES;
				"CODE_SIGN_IDENTITY[sdk=iphoneos*]" = "iPhone Developer";
				COPY_PHASE_STRIP = NO;
				DEBUG_INFORMATION_FORMAT = "dwarf-with-dsym";
				ENABLE_STRICT_OBJC_MSGSEND = YES;
				GCC_C_LANGUAGE_STANDARD = gnu99;
				GCC_DYNAMIC_NO_PIC = NO;
				GCC_NO_COMMON_BLOCKS = YES;
				GCC_OPTIMIZATION_LEVEL = 0;
				GCC_PREPROCESSOR_DEFINITIONS = (
					"DEBUG=1",
					"$(inherited)",
				);
				GCC_SYMBOLS_PRIVATE_EXTERN = NO;
				GCC_WARN_64_TO_32_BIT_CONVERSION = YES;
				GCC_WARN_ABOUT_RETURN_TYPE = YES_ERROR;
				GCC_WARN_UNDECLARED_SELECTOR = YES;
				GCC_WARN_UNINITIALIZED_AUTOS = YES_AGGRESSIVE;
				GCC_WARN_UNUSED_FUNCTION = YES;
				GCC_WARN_UNUSED_VARIABLE = YES;
				IPHONEOS_DEPLOYMENT_TARGET = 8.3;
				MTL_ENABLE_DEBUG_INFO = YES;
				ONLY_ACTIVE_ARCH = YES;
				SDKROOT = iphoneos;
				TARGETED_DEVICE_FAMILY = "1,2";
			};
			name = Debug;
		};
		9147A7481B2F106F00D21AC8 /* Release */ = {
			isa = XCBuildConfiguration;
			buildSettings = {
				ALWAYS_SEARCH_USER_PATHS = NO;
				CLANG_CXX_LANGUAGE_STANDARD = "gnu++0x";
				CLANG_CXX_LIBRARY = "libc++";
				CLANG_ENABLE_MODULES = YES;
				CLANG_ENABLE_OBJC_ARC = YES;
				CLANG_WARN_BOOL_CONVERSION = YES;
				CLANG_WARN_CONSTANT_CONVERSION = YES;
				CLANG_WARN_DIRECT_OBJC_ISA_USAGE = YES_ERROR;
				CLANG_WARN_EMPTY_BODY = YES;
				CLANG_WARN_ENUM_CONVERSION = YES;
				CLANG_WARN_INT_CONVERSION = YES;
				CLANG_WARN_OBJC_ROOT_CLASS = YES_ERROR;
				CLANG_WARN_UNREACHABLE_CODE = YES;
				CLANG_WARN__DUPLICATE_METHOD_MATCH = YES;
				"CODE_SIGN_IDENTITY[sdk=iphoneos*]" = "iPhone Developer";
				COPY_PHASE_STRIP = NO;
				DEBUG_INFORMATION_FORMAT = "dwarf-with-dsym";
				ENABLE_NS_ASSERTIONS = NO;
				ENABLE_STRICT_OBJC_MSGSEND = YES;
				GCC_C_LANGUAGE_STANDARD = gnu99;
				GCC_NO_COMMON_BLOCKS = YES;
				GCC_WARN_64_TO_32_BIT_CONVERSION = YES;
				GCC_WARN_ABOUT_RETURN_TYPE = YES_ERROR;
				GCC_WARN_UNDECLARED_SELECTOR = YES;
				GCC_WARN_UNINITIALIZED_AUTOS = YES_AGGRESSIVE;
				GCC_WARN_UNUSED_FUNCTION = YES;
				GCC_WARN_UNUSED_VARIABLE = YES;
				IPHONEOS_DEPLOYMENT_TARGET = 8.3;
				MTL_ENABLE_DEBUG_INFO = NO;
				SDKROOT = iphoneos;
				TARGETED_DEVICE_FAMILY = "1,2";
				VALIDATE_PRODUCT = YES;
			};
			name = Release;
		};
		9147A74A1B2F106F00D21AC8 /* Debug */ = {
			isa = XCBuildConfiguration;
			buildSettings = {
				ASSETCATALOG_COMPILER_APPICON_NAME = AppIcon;
				CODE_SIGN_IDENTITY = "iPhone Developer";
				FRAMEWORK_SEARCH_PATHS = (
					"$(inherited)",
					/Users/kylebrooksrobinson/Documents/Programming/_github/SelfieStatus,
				);
				INFOPLIST_FILE = Secrets/Info.plist;
				LD_RUNPATH_SEARCH_PATHS = "$(inherited) @executable_path/Frameworks";
				PRODUCT_NAME = "$(TARGET_NAME)";
			};
			name = Debug;
		};
		9147A74B1B2F106F00D21AC8 /* Release */ = {
			isa = XCBuildConfiguration;
			buildSettings = {
				ASSETCATALOG_COMPILER_APPICON_NAME = AppIcon;
				CODE_SIGN_IDENTITY = "iPhone Developer";
				FRAMEWORK_SEARCH_PATHS = (
					"$(inherited)",
					/Users/kylebrooksrobinson/Documents/Programming/_github/SelfieStatus,
				);
				INFOPLIST_FILE = Secrets/Info.plist;
				LD_RUNPATH_SEARCH_PATHS = "$(inherited) @executable_path/Frameworks";
				PRODUCT_NAME = "$(TARGET_NAME)";
			};
			name = Release;
		};
		9147A74D1B2F106F00D21AC8 /* Debug */ = {
			isa = XCBuildConfiguration;
			buildSettings = {
				BUNDLE_LOADER = "$(TEST_HOST)";
				FRAMEWORK_SEARCH_PATHS = (
					"$(SDKROOT)/Developer/Library/Frameworks",
					"$(inherited)",
				);
				GCC_PREPROCESSOR_DEFINITIONS = (
					"DEBUG=1",
					"$(inherited)",
				);
				INFOPLIST_FILE = SecretsTests/Info.plist;
				LD_RUNPATH_SEARCH_PATHS = "$(inherited) @executable_path/Frameworks @loader_path/Frameworks";
				PRODUCT_NAME = "$(TARGET_NAME)";
				TEST_HOST = "$(BUILT_PRODUCTS_DIR)/Secrets.app/Secrets";
			};
			name = Debug;
		};
		9147A74E1B2F106F00D21AC8 /* Release */ = {
			isa = XCBuildConfiguration;
			buildSettings = {
				BUNDLE_LOADER = "$(TEST_HOST)";
				FRAMEWORK_SEARCH_PATHS = (
					"$(SDKROOT)/Developer/Library/Frameworks",
					"$(inherited)",
				);
				INFOPLIST_FILE = SecretsTests/Info.plist;
				LD_RUNPATH_SEARCH_PATHS = "$(inherited) @executable_path/Frameworks @loader_path/Frameworks";
				PRODUCT_NAME = "$(TARGET_NAME)";
				TEST_HOST = "$(BUILT_PRODUCTS_DIR)/Secrets.app/Secrets";
			};
			name = Release;
		};
/* End XCBuildConfiguration section */

/* Begin XCConfigurationList section */
		9147A7211B2F106F00D21AC8 /* Build configuration list for PBXProject "Secrets" */ = {
			isa = XCConfigurationList;
			buildConfigurations = (
				9147A7471B2F106F00D21AC8 /* Debug */,
				9147A7481B2F106F00D21AC8 /* Release */,
			);
			defaultConfigurationIsVisible = 0;
			defaultConfigurationName = Release;
		};
		9147A7491B2F106F00D21AC8 /* Build configuration list for PBXNativeTarget "Secrets" */ = {
			isa = XCConfigurationList;
			buildConfigurations = (
				9147A74A1B2F106F00D21AC8 /* Debug */,
				9147A74B1B2F106F00D21AC8 /* Release */,
			);
			defaultConfigurationIsVisible = 0;
			defaultConfigurationName = Release;
		};
		9147A74C1B2F106F00D21AC8 /* Build configuration list for PBXNativeTarget "SecretsTests" */ = {
			isa = XCConfigurationList;
			buildConfigurations = (
				9147A74D1B2F106F00D21AC8 /* Debug */,
				9147A74E1B2F106F00D21AC8 /* Release */,
			);
			defaultConfigurationIsVisible = 0;
			defaultConfigurationName = Release;
		};
/* End XCConfigurationList section */
	};
	rootObject = 9147A71E1B2F106F00D21AC8 /* Project object */;
}
