// !$*UTF8*$!
{
	archiveVersion = 1;
	classes = {
	};
	objectVersion = 46;
	objects = {

/* Begin PBXBuildFile section */
		91A654B71B1C8FE000F517FD /* main.m in Sources */ = {isa = PBXBuildFile; fileRef = 91A654B61B1C8FE000F517FD /* main.m */; };
		91A654BA1B1C8FE100F517FD /* AppDelegate.m in Sources */ = {isa = PBXBuildFile; fileRef = 91A654B91B1C8FE100F517FD /* AppDelegate.m */; };
		91A654C01B1C8FE100F517FD /* Main.storyboard in Resources */ = {isa = PBXBuildFile; fileRef = 91A654BE1B1C8FE100F517FD /* Main.storyboard */; };
		91A654C21B1C8FE100F517FD /* Images.xcassets in Resources */ = {isa = PBXBuildFile; fileRef = 91A654C11B1C8FE100F517FD /* Images.xcassets */; };
		91A654C51B1C8FE100F517FD /* LaunchScreen.xib in Resources */ = {isa = PBXBuildFile; fileRef = 91A654C31B1C8FE100F517FD /* LaunchScreen.xib */; };
		91A654D11B1C8FE100F517FD /* TrialByFireTests.m in Sources */ = {isa = PBXBuildFile; fileRef = 91A654D01B1C8FE100F517FD /* TrialByFireTests.m */; };
		91A654E41B1CB13C00F517FD /* TableViewController.m in Sources */ = {isa = PBXBuildFile; fileRef = 91A654E31B1CB13C00F517FD /* TableViewController.m */; };
		91A654E71B1CB15D00F517FD /* AddViewController.m in Sources */ = {isa = PBXBuildFile; fileRef = 91A654E61B1CB15D00F517FD /* AddViewController.m */; };
/* End PBXBuildFile section */

/* Begin PBXContainerItemProxy section */
		91A654CB1B1C8FE100F517FD /* PBXContainerItemProxy */ = {
			isa = PBXContainerItemProxy;
			containerPortal = 91A654A91B1C8FE000F517FD /* Project object */;
			proxyType = 1;
			remoteGlobalIDString = 91A654B01B1C8FE000F517FD;
			remoteInfo = TrialByFire;
		};
/* End PBXContainerItemProxy section */

/* Begin PBXFileReference section */
		91A654B11B1C8FE000F517FD /* TrialByFire.app */ = {isa = PBXFileReference; explicitFileType = wrapper.application; includeInIndex = 0; path = TrialByFire.app; sourceTree = BUILT_PRODUCTS_DIR; };
		91A654B51B1C8FE000F517FD /* Info.plist */ = {isa = PBXFileReference; lastKnownFileType = text.plist.xml; path = Info.plist; sourceTree = "<group>"; };
		91A654B61B1C8FE000F517FD /* main.m */ = {isa = PBXFileReference; lastKnownFileType = sourcecode.c.objc; path = main.m; sourceTree = "<group>"; };
		91A654B81B1C8FE000F517FD /* AppDelegate.h */ = {isa = PBXFileReference; lastKnownFileType = sourcecode.c.h; path = AppDelegate.h; sourceTree = "<group>"; };
		91A654B91B1C8FE100F517FD /* AppDelegate.m */ = {isa = PBXFileReference; lastKnownFileType = sourcecode.c.objc; path = AppDelegate.m; sourceTree = "<group>"; };
		91A654BF1B1C8FE100F517FD /* Base */ = {isa = PBXFileReference; lastKnownFileType = file.storyboard; name = Base; path = Base.lproj/Main.storyboard; sourceTree = "<group>"; };
		91A654C11B1C8FE100F517FD /* Images.xcassets */ = {isa = PBXFileReference; lastKnownFileType = folder.assetcatalog; path = Images.xcassets; sourceTree = "<group>"; };
		91A654C41B1C8FE100F517FD /* Base */ = {isa = PBXFileReference; lastKnownFileType = file.xib; name = Base; path = Base.lproj/LaunchScreen.xib; sourceTree = "<group>"; };
		91A654CA1B1C8FE100F517FD /* TrialByFireTests.xctest */ = {isa = PBXFileReference; explicitFileType = wrapper.cfbundle; includeInIndex = 0; path = TrialByFireTests.xctest; sourceTree = BUILT_PRODUCTS_DIR; };
		91A654CF1B1C8FE100F517FD /* Info.plist */ = {isa = PBXFileReference; lastKnownFileType = text.plist.xml; path = Info.plist; sourceTree = "<group>"; };
		91A654D01B1C8FE100F517FD /* TrialByFireTests.m */ = {isa = PBXFileReference; lastKnownFileType = sourcecode.c.objc; path = TrialByFireTests.m; sourceTree = "<group>"; };
		91A654E21B1CB13C00F517FD /* TableViewController.h */ = {isa = PBXFileReference; fileEncoding = 4; lastKnownFileType = sourcecode.c.h; path = TableViewController.h; sourceTree = "<group>"; };
		91A654E31B1CB13C00F517FD /* TableViewController.m */ = {isa = PBXFileReference; fileEncoding = 4; lastKnownFileType = sourcecode.c.objc; path = TableViewController.m; sourceTree = "<group>"; };
		91A654E51B1CB15D00F517FD /* AddViewController.h */ = {isa = PBXFileReference; fileEncoding = 4; lastKnownFileType = sourcecode.c.h; path = AddViewController.h; sourceTree = "<group>"; };
		91A654E61B1CB15D00F517FD /* AddViewController.m */ = {isa = PBXFileReference; fileEncoding = 4; lastKnownFileType = sourcecode.c.objc; path = AddViewController.m; sourceTree = "<group>"; };
/* End PBXFileReference section */

/* Begin PBXFrameworksBuildPhase section */
		91A654AE1B1C8FE000F517FD /* Frameworks */ = {
			isa = PBXFrameworksBuildPhase;
			buildActionMask = 2147483647;
			files = (
			);
			runOnlyForDeploymentPostprocessing = 0;
		};
		91A654C71B1C8FE100F517FD /* Frameworks */ = {
			isa = PBXFrameworksBuildPhase;
			buildActionMask = 2147483647;
			files = (
			);
			runOnlyForDeploymentPostprocessing = 0;
		};
/* End PBXFrameworksBuildPhase section */

/* Begin PBXGroup section */
		91A654A81B1C8FE000F517FD = {
			isa = PBXGroup;
			children = (
				91A654B31B1C8FE000F517FD /* TrialByFire */,
				91A654CD1B1C8FE100F517FD /* TrialByFireTests */,
				91A654B21B1C8FE000F517FD /* Products */,
			);
			sourceTree = "<group>";
		};
		91A654B21B1C8FE000F517FD /* Products */ = {
			isa = PBXGroup;
			children = (
				91A654B11B1C8FE000F517FD /* TrialByFire.app */,
				91A654CA1B1C8FE100F517FD /* TrialByFireTests.xctest */,
			);
			name = Products;
			sourceTree = "<group>";
		};
		91A654B31B1C8FE000F517FD /* TrialByFire */ = {
			isa = PBXGroup;
			children = (
				91A654E21B1CB13C00F517FD /* TableViewController.h */,
				91A654E31B1CB13C00F517FD /* TableViewController.m */,
				91A654E51B1CB15D00F517FD /* AddViewController.h */,
				91A654E61B1CB15D00F517FD /* AddViewController.m */,
				91A654BE1B1C8FE100F517FD /* Main.storyboard */,
				91A654B41B1C8FE000F517FD /* Supporting Files */,
			);
			path = TrialByFire;
			sourceTree = "<group>";
		};
		91A654B41B1C8FE000F517FD /* Supporting Files */ = {
			isa = PBXGroup;
			children = (
				91A654B81B1C8FE000F517FD /* AppDelegate.h */,
				91A654B91B1C8FE100F517FD /* AppDelegate.m */,
				91A654C11B1C8FE100F517FD /* Images.xcassets */,
				91A654C31B1C8FE100F517FD /* LaunchScreen.xib */,
				91A654B51B1C8FE000F517FD /* Info.plist */,
				91A654B61B1C8FE000F517FD /* main.m */,
			);
			name = "Supporting Files";
			sourceTree = "<group>";
		};
		91A654CD1B1C8FE100F517FD /* TrialByFireTests */ = {
			isa = PBXGroup;
			children = (
				91A654D01B1C8FE100F517FD /* TrialByFireTests.m */,
				91A654CE1B1C8FE100F517FD /* Supporting Files */,
			);
			path = TrialByFireTests;
			sourceTree = "<group>";
		};
		91A654CE1B1C8FE100F517FD /* Supporting Files */ = {
			isa = PBXGroup;
			children = (
				91A654CF1B1C8FE100F517FD /* Info.plist */,
			);
			name = "Supporting Files";
			sourceTree = "<group>";
		};
/* End PBXGroup section */

/* Begin PBXNativeTarget section */
		91A654B01B1C8FE000F517FD /* TrialByFire */ = {
			isa = PBXNativeTarget;
			buildConfigurationList = 91A654D41B1C8FE100F517FD /* Build configuration list for PBXNativeTarget "TrialByFire" */;
			buildPhases = (
				91A654AD1B1C8FE000F517FD /* Sources */,
				91A654AE1B1C8FE000F517FD /* Frameworks */,
				91A654AF1B1C8FE000F517FD /* Resources */,
			);
			buildRules = (
			);
			dependencies = (
			);
			name = TrialByFire;
			productName = TrialByFire;
			productReference = 91A654B11B1C8FE000F517FD /* TrialByFire.app */;
			productType = "com.apple.product-type.application";
		};
		91A654C91B1C8FE100F517FD /* TrialByFireTests */ = {
			isa = PBXNativeTarget;
			buildConfigurationList = 91A654D71B1C8FE100F517FD /* Build configuration list for PBXNativeTarget "TrialByFireTests" */;
			buildPhases = (
				91A654C61B1C8FE100F517FD /* Sources */,
				91A654C71B1C8FE100F517FD /* Frameworks */,
				91A654C81B1C8FE100F517FD /* Resources */,
			);
			buildRules = (
			);
			dependencies = (
				91A654CC1B1C8FE100F517FD /* PBXTargetDependency */,
			);
			name = TrialByFireTests;
			productName = TrialByFireTests;
			productReference = 91A654CA1B1C8FE100F517FD /* TrialByFireTests.xctest */;
			productType = "com.apple.product-type.bundle.unit-test";
		};
/* End PBXNativeTarget section */

/* Begin PBXProject section */
		91A654A91B1C8FE000F517FD /* Project object */ = {
			isa = PBXProject;
			attributes = {
				LastUpgradeCheck = 0630;
				ORGANIZATIONNAME = "Kyle Brooks Robinson";
				TargetAttributes = {
					91A654B01B1C8FE000F517FD = {
						CreatedOnToolsVersion = 6.3.1;
					};
					91A654C91B1C8FE100F517FD = {
						CreatedOnToolsVersion = 6.3.1;
						TestTargetID = 91A654B01B1C8FE000F517FD;
					};
				};
			};
			buildConfigurationList = 91A654AC1B1C8FE000F517FD /* Build configuration list for PBXProject "TrialByFire" */;
			compatibilityVersion = "Xcode 3.2";
			developmentRegion = English;
			hasScannedForEncodings = 0;
			knownRegions = (
				en,
				Base,
			);
			mainGroup = 91A654A81B1C8FE000F517FD;
			productRefGroup = 91A654B21B1C8FE000F517FD /* Products */;
			projectDirPath = "";
			projectRoot = "";
			targets = (
				91A654B01B1C8FE000F517FD /* TrialByFire */,
				91A654C91B1C8FE100F517FD /* TrialByFireTests */,
			);
		};
/* End PBXProject section */

/* Begin PBXResourcesBuildPhase section */
		91A654AF1B1C8FE000F517FD /* Resources */ = {
			isa = PBXResourcesBuildPhase;
			buildActionMask = 2147483647;
			files = (
				91A654C01B1C8FE100F517FD /* Main.storyboard in Resources */,
				91A654C51B1C8FE100F517FD /* LaunchScreen.xib in Resources */,
				91A654C21B1C8FE100F517FD /* Images.xcassets in Resources */,
			);
			runOnlyForDeploymentPostprocessing = 0;
		};
		91A654C81B1C8FE100F517FD /* Resources */ = {
			isa = PBXResourcesBuildPhase;
			buildActionMask = 2147483647;
			files = (
			);
			runOnlyForDeploymentPostprocessing = 0;
		};
/* End PBXResourcesBuildPhase section */

/* Begin PBXSourcesBuildPhase section */
		91A654AD1B1C8FE000F517FD /* Sources */ = {
			isa = PBXSourcesBuildPhase;
			buildActionMask = 2147483647;
			files = (
				91A654BA1B1C8FE100F517FD /* AppDelegate.m in Sources */,
				91A654E41B1CB13C00F517FD /* TableViewController.m in Sources */,
				91A654E71B1CB15D00F517FD /* AddViewController.m in Sources */,
				91A654B71B1C8FE000F517FD /* main.m in Sources */,
			);
			runOnlyForDeploymentPostprocessing = 0;
		};
		91A654C61B1C8FE100F517FD /* Sources */ = {
			isa = PBXSourcesBuildPhase;
			buildActionMask = 2147483647;
			files = (
				91A654D11B1C8FE100F517FD /* TrialByFireTests.m in Sources */,
			);
			runOnlyForDeploymentPostprocessing = 0;
		};
/* End PBXSourcesBuildPhase section */

/* Begin PBXTargetDependency section */
		91A654CC1B1C8FE100F517FD /* PBXTargetDependency */ = {
			isa = PBXTargetDependency;
			target = 91A654B01B1C8FE000F517FD /* TrialByFire */;
			targetProxy = 91A654CB1B1C8FE100F517FD /* PBXContainerItemProxy */;
		};
/* End PBXTargetDependency section */

/* Begin PBXVariantGroup section */
		91A654BE1B1C8FE100F517FD /* Main.storyboard */ = {
			isa = PBXVariantGroup;
			children = (
				91A654BF1B1C8FE100F517FD /* Base */,
			);
			name = Main.storyboard;
			sourceTree = "<group>";
		};
		91A654C31B1C8FE100F517FD /* LaunchScreen.xib */ = {
			isa = PBXVariantGroup;
			children = (
				91A654C41B1C8FE100F517FD /* Base */,
			);
			name = LaunchScreen.xib;
			sourceTree = "<group>";
		};
/* End PBXVariantGroup section */

/* Begin XCBuildConfiguration section */
		91A654D21B1C8FE100F517FD /* Debug */ = {
			isa = XCBuildConfiguration;
			buildSettings = {
				ALWAYS_SEARCH_USER_PATHS = NO;
				CLANG_CXX_LANGUAGE_STANDARD = "gnu++0x";
				CLANG_CXX_LIBRARY = "libc++";
				CLANG_ENABLE_MODULES = YES;
				CLANG_ENABLE_OBJC_ARC = YES;
				CLANG_WARN_BOOL_CONVERSION = YES;
				CLANG_WARN_CONSTANT_CONVERSION = YES;
				CLANG_WARN_DIRECT_OBJC_ISA_USAGE = YES_ERROR;
				CLANG_WARN_EMPTY_BODY = YES;
				CLANG_WARN_ENUM_CONVERSION = YES;
				CLANG_WARN_INT_CONVERSION = YES;
				CLANG_WARN_OBJC_ROOT_CLASS = YES_ERROR;
				CLANG_WARN_UNREACHABLE_CODE = YES;
				CLANG_WARN__DUPLICATE_METHOD_MATCH = YES;
				"CODE_SIGN_IDENTITY[sdk=iphoneos*]" = "iPhone Developer";
				COPY_PHASE_STRIP = NO;
				DEBUG_INFORMATION_FORMAT = "dwarf-with-dsym";
				ENABLE_STRICT_OBJC_MSGSEND = YES;
				GCC_C_LANGUAGE_STANDARD = gnu99;
				GCC_DYNAMIC_NO_PIC = NO;
				GCC_NO_COMMON_BLOCKS = YES;
				GCC_OPTIMIZATION_LEVEL = 0;
				GCC_PREPROCESSOR_DEFINITIONS = (
					"DEBUG=1",
					"$(inherited)",
				);
				GCC_SYMBOLS_PRIVATE_EXTERN = NO;
				GCC_WARN_64_TO_32_BIT_CONVERSION = YES;
				GCC_WARN_ABOUT_RETURN_TYPE = YES_ERROR;
				GCC_WARN_UNDECLARED_SELECTOR = YES;
				GCC_WARN_UNINITIALIZED_AUTOS = YES_AGGRESSIVE;
				GCC_WARN_UNUSED_FUNCTION = YES;
				GCC_WARN_UNUSED_VARIABLE = YES;
				IPHONEOS_DEPLOYMENT_TARGET = 8.3;
				MTL_ENABLE_DEBUG_INFO = YES;
				ONLY_ACTIVE_ARCH = YES;
				SDKROOT = iphoneos;
			};
			name = Debug;
		};
		91A654D31B1C8FE100F517FD /* Release */ = {
			isa = XCBuildConfiguration;
			buildSettings = {
				ALWAYS_SEARCH_USER_PATHS = NO;
				CLANG_CXX_LANGUAGE_STANDARD = "gnu++0x";
				CLANG_CXX_LIBRARY = "libc++";
				CLANG_ENABLE_MODULES = YES;
				CLANG_ENABLE_OBJC_ARC = YES;
				CLANG_WARN_BOOL_CONVERSION = YES;
				CLANG_WARN_CONSTANT_CONVERSION = YES;
				CLANG_WARN_DIRECT_OBJC_ISA_USAGE = YES_ERROR;
				CLANG_WARN_EMPTY_BODY = YES;
				CLANG_WARN_ENUM_CONVERSION = YES;
				CLANG_WARN_INT_CONVERSION = YES;
				CLANG_WARN_OBJC_ROOT_CLASS = YES_ERROR;
				CLANG_WARN_UNREACHABLE_CODE = YES;
				CLANG_WARN__DUPLICATE_METHOD_MATCH = YES;
				"CODE_SIGN_IDENTITY[sdk=iphoneos*]" = "iPhone Developer";
				COPY_PHASE_STRIP = NO;
				DEBUG_INFORMATION_FORMAT = "dwarf-with-dsym";
				ENABLE_NS_ASSERTIONS = NO;
				ENABLE_STRICT_OBJC_MSGSEND = YES;
				GCC_C_LANGUAGE_STANDARD = gnu99;
				GCC_NO_COMMON_BLOCKS = YES;
				GCC_WARN_64_TO_32_BIT_CONVERSION = YES;
				GCC_WARN_ABOUT_RETURN_TYPE = YES_ERROR;
				GCC_WARN_UNDECLARED_SELECTOR = YES;
				GCC_WARN_UNINITIALIZED_AUTOS = YES_AGGRESSIVE;
				GCC_WARN_UNUSED_FUNCTION = YES;
				GCC_WARN_UNUSED_VARIABLE = YES;
				IPHONEOS_DEPLOYMENT_TARGET = 8.3;
				MTL_ENABLE_DEBUG_INFO = NO;
				SDKROOT = iphoneos;
				VALIDATE_PRODUCT = YES;
			};
			name = Release;
		};
		91A654D51B1C8FE100F517FD /* Debug */ = {
			isa = XCBuildConfiguration;
			buildSettings = {
				ASSETCATALOG_COMPILER_APPICON_NAME = AppIcon;
				CLANG_ENABLE_MODULES = YES;
				INFOPLIST_FILE = TrialByFire/Info.plist;
				LD_RUNPATH_SEARCH_PATHS = "$(inherited) @executable_path/Frameworks";
				PRODUCT_NAME = "$(TARGET_NAME)";
				SWIFT_OPTIMIZATION_LEVEL = "-Onone";
			};
			name = Debug;
		};
		91A654D61B1C8FE100F517FD /* Release */ = {
			isa = XCBuildConfiguration;
			buildSettings = {
				ASSETCATALOG_COMPILER_APPICON_NAME = AppIcon;
				CLANG_ENABLE_MODULES = YES;
				INFOPLIST_FILE = TrialByFire/Info.plist;
				LD_RUNPATH_SEARCH_PATHS = "$(inherited) @executable_path/Frameworks";
				PRODUCT_NAME = "$(TARGET_NAME)";
			};
			name = Release;
		};
		91A654D81B1C8FE100F517FD /* Debug */ = {
			isa = XCBuildConfiguration;
			buildSettings = {
				BUNDLE_LOADER = "$(TEST_HOST)";
				FRAMEWORK_SEARCH_PATHS = (
					"$(SDKROOT)/Developer/Library/Frameworks",
					"$(inherited)",
				);
				GCC_PREPROCESSOR_DEFINITIONS = (
					"DEBUG=1",
					"$(inherited)",
				);
				INFOPLIST_FILE = TrialByFireTests/Info.plist;
				LD_RUNPATH_SEARCH_PATHS = "$(inherited) @executable_path/Frameworks @loader_path/Frameworks";
				PRODUCT_NAME = "$(TARGET_NAME)";
				TEST_HOST = "$(BUILT_PRODUCTS_DIR)/TrialByFire.app/TrialByFire";
			};
			name = Debug;
		};
		91A654D91B1C8FE100F517FD /* Release */ = {
			isa = XCBuildConfiguration;
			buildSettings = {
				BUNDLE_LOADER = "$(TEST_HOST)";
				FRAMEWORK_SEARCH_PATHS = (
					"$(SDKROOT)/Developer/Library/Frameworks",
					"$(inherited)",
				);
				INFOPLIST_FILE = TrialByFireTests/Info.plist;
				LD_RUNPATH_SEARCH_PATHS = "$(inherited) @executable_path/Frameworks @loader_path/Frameworks";
				PRODUCT_NAME = "$(TARGET_NAME)";
				TEST_HOST = "$(BUILT_PRODUCTS_DIR)/TrialByFire.app/TrialByFire";
			};
			name = Release;
		};
/* End XCBuildConfiguration section */

/* Begin XCConfigurationList section */
		91A654AC1B1C8FE000F517FD /* Build configuration list for PBXProject "TrialByFire" */ = {
			isa = XCConfigurationList;
			buildConfigurations = (
				91A654D21B1C8FE100F517FD /* Debug */,
				91A654D31B1C8FE100F517FD /* Release */,
			);
			defaultConfigurationIsVisible = 0;
			defaultConfigurationName = Release;
		};
		91A654D41B1C8FE100F517FD /* Build configuration list for PBXNativeTarget "TrialByFire" */ = {
			isa = XCConfigurationList;
			buildConfigurations = (
				91A654D51B1C8FE100F517FD /* Debug */,
				91A654D61B1C8FE100F517FD /* Release */,
			);
			defaultConfigurationIsVisible = 0;
		};
		91A654D71B1C8FE100F517FD /* Build configuration list for PBXNativeTarget "TrialByFireTests" */ = {
			isa = XCConfigurationList;
			buildConfigurations = (
				91A654D81B1C8FE100F517FD /* Debug */,
				91A654D91B1C8FE100F517FD /* Release */,
			);
			defaultConfigurationIsVisible = 0;
		};
/* End XCConfigurationList section */
	};
	rootObject = 91A654A91B1C8FE000F517FD /* Project object */;
}
