// !$*UTF8*$!
{
	archiveVersion = 1;
	classes = {
	};
	objectVersion = 46;
	objects = {

/* Begin PBXBuildFile section */
		913A5E141AF7F3CB00E6640A /* AppDelegate.swift in Sources */ = {isa = PBXBuildFile; fileRef = 913A5E131AF7F3CB00E6640A /* AppDelegate.swift */; };
		913A5E161AF7F3CB00E6640A /* ViewController.swift in Sources */ = {isa = PBXBuildFile; fileRef = 913A5E151AF7F3CB00E6640A /* ViewController.swift */; };
		913A5E191AF7F3CB00E6640A /* Main.storyboard in Resources */ = {isa = PBXBuildFile; fileRef = 913A5E171AF7F3CB00E6640A /* Main.storyboard */; };
		913A5E1B1AF7F3CB00E6640A /* Images.xcassets in Resources */ = {isa = PBXBuildFile; fileRef = 913A5E1A1AF7F3CB00E6640A /* Images.xcassets */; };
		913A5E1E1AF7F3CB00E6640A /* LaunchScreen.xib in Resources */ = {isa = PBXBuildFile; fileRef = 913A5E1C1AF7F3CB00E6640A /* LaunchScreen.xib */; };
		913A5E2A1AF7F3CB00E6640A /* SimpleButtonsTests.swift in Sources */ = {isa = PBXBuildFile; fileRef = 913A5E291AF7F3CB00E6640A /* SimpleButtonsTests.swift */; };
/* End PBXBuildFile section */

/* Begin PBXContainerItemProxy section */
		913A5E241AF7F3CB00E6640A /* PBXContainerItemProxy */ = {
			isa = PBXContainerItemProxy;
			containerPortal = 913A5E061AF7F3CB00E6640A /* Project object */;
			proxyType = 1;
			remoteGlobalIDString = 913A5E0D1AF7F3CB00E6640A;
			remoteInfo = SimpleButtons;
		};
/* End PBXContainerItemProxy section */

/* Begin PBXFileReference section */
		913A5E0E1AF7F3CB00E6640A /* SimpleButtons.app */ = {isa = PBXFileReference; explicitFileType = wrapper.application; includeInIndex = 0; path = SimpleButtons.app; sourceTree = BUILT_PRODUCTS_DIR; };
		913A5E121AF7F3CB00E6640A /* Info.plist */ = {isa = PBXFileReference; lastKnownFileType = text.plist.xml; path = Info.plist; sourceTree = "<group>"; };
		913A5E131AF7F3CB00E6640A /* AppDelegate.swift */ = {isa = PBXFileReference; lastKnownFileType = sourcecode.swift; path = AppDelegate.swift; sourceTree = "<group>"; };
		913A5E151AF7F3CB00E6640A /* ViewController.swift */ = {isa = PBXFileReference; lastKnownFileType = sourcecode.swift; path = ViewController.swift; sourceTree = "<group>"; };
		913A5E181AF7F3CB00E6640A /* Base */ = {isa = PBXFileReference; lastKnownFileType = file.storyboard; name = Base; path = Base.lproj/Main.storyboard; sourceTree = "<group>"; };
		913A5E1A1AF7F3CB00E6640A /* Images.xcassets */ = {isa = PBXFileReference; lastKnownFileType = folder.assetcatalog; path = Images.xcassets; sourceTree = "<group>"; };
		913A5E1D1AF7F3CB00E6640A /* Base */ = {isa = PBXFileReference; lastKnownFileType = file.xib; name = Base; path = Base.lproj/LaunchScreen.xib; sourceTree = "<group>"; };
		913A5E231AF7F3CB00E6640A /* SimpleButtonsTests.xctest */ = {isa = PBXFileReference; explicitFileType = wrapper.cfbundle; includeInIndex = 0; path = SimpleButtonsTests.xctest; sourceTree = BUILT_PRODUCTS_DIR; };
		913A5E281AF7F3CB00E6640A /* Info.plist */ = {isa = PBXFileReference; lastKnownFileType = text.plist.xml; path = Info.plist; sourceTree = "<group>"; };
		913A5E291AF7F3CB00E6640A /* SimpleButtonsTests.swift */ = {isa = PBXFileReference; lastKnownFileType = sourcecode.swift; path = SimpleButtonsTests.swift; sourceTree = "<group>"; };
/* End PBXFileReference section */

/* Begin PBXFrameworksBuildPhase section */
		913A5E0B1AF7F3CB00E6640A /* Frameworks */ = {
			isa = PBXFrameworksBuildPhase;
			buildActionMask = 2147483647;
			files = (
			);
			runOnlyForDeploymentPostprocessing = 0;
		};
		913A5E201AF7F3CB00E6640A /* Frameworks */ = {
			isa = PBXFrameworksBuildPhase;
			buildActionMask = 2147483647;
			files = (
			);
			runOnlyForDeploymentPostprocessing = 0;
		};
/* End PBXFrameworksBuildPhase section */

/* Begin PBXGroup section */
		913A5E051AF7F3CB00E6640A = {
			isa = PBXGroup;
			children = (
				913A5E101AF7F3CB00E6640A /* SimpleButtons */,
				913A5E261AF7F3CB00E6640A /* SimpleButtonsTests */,
				913A5E0F1AF7F3CB00E6640A /* Products */,
			);
			sourceTree = "<group>";
		};
		913A5E0F1AF7F3CB00E6640A /* Products */ = {
			isa = PBXGroup;
			children = (
				913A5E0E1AF7F3CB00E6640A /* SimpleButtons.app */,
				913A5E231AF7F3CB00E6640A /* SimpleButtonsTests.xctest */,
			);
			name = Products;
			sourceTree = "<group>";
		};
		913A5E101AF7F3CB00E6640A /* SimpleButtons */ = {
			isa = PBXGroup;
			children = (
				913A5E131AF7F3CB00E6640A /* AppDelegate.swift */,
				913A5E151AF7F3CB00E6640A /* ViewController.swift */,
				913A5E171AF7F3CB00E6640A /* Main.storyboard */,
				913A5E1A1AF7F3CB00E6640A /* Images.xcassets */,
				913A5E1C1AF7F3CB00E6640A /* LaunchScreen.xib */,
				913A5E111AF7F3CB00E6640A /* Supporting Files */,
			);
			path = SimpleButtons;
			sourceTree = "<group>";
		};
		913A5E111AF7F3CB00E6640A /* Supporting Files */ = {
			isa = PBXGroup;
			children = (
				913A5E121AF7F3CB00E6640A /* Info.plist */,
			);
			name = "Supporting Files";
			sourceTree = "<group>";
		};
		913A5E261AF7F3CB00E6640A /* SimpleButtonsTests */ = {
			isa = PBXGroup;
			children = (
				913A5E291AF7F3CB00E6640A /* SimpleButtonsTests.swift */,
				913A5E271AF7F3CB00E6640A /* Supporting Files */,
			);
			path = SimpleButtonsTests;
			sourceTree = "<group>";
		};
		913A5E271AF7F3CB00E6640A /* Supporting Files */ = {
			isa = PBXGroup;
			children = (
				913A5E281AF7F3CB00E6640A /* Info.plist */,
			);
			name = "Supporting Files";
			sourceTree = "<group>";
		};
/* End PBXGroup section */

/* Begin PBXNativeTarget section */
		913A5E0D1AF7F3CB00E6640A /* SimpleButtons */ = {
			isa = PBXNativeTarget;
			buildConfigurationList = 913A5E2D1AF7F3CB00E6640A /* Build configuration list for PBXNativeTarget "SimpleButtons" */;
			buildPhases = (
				913A5E0A1AF7F3CB00E6640A /* Sources */,
				913A5E0B1AF7F3CB00E6640A /* Frameworks */,
				913A5E0C1AF7F3CB00E6640A /* Resources */,
			);
			buildRules = (
			);
			dependencies = (
			);
			name = SimpleButtons;
			productName = SimpleButtons;
			productReference = 913A5E0E1AF7F3CB00E6640A /* SimpleButtons.app */;
			productType = "com.apple.product-type.application";
		};
		913A5E221AF7F3CB00E6640A /* SimpleButtonsTests */ = {
			isa = PBXNativeTarget;
			buildConfigurationList = 913A5E301AF7F3CB00E6640A /* Build configuration list for PBXNativeTarget "SimpleButtonsTests" */;
			buildPhases = (
				913A5E1F1AF7F3CB00E6640A /* Sources */,
				913A5E201AF7F3CB00E6640A /* Frameworks */,
				913A5E211AF7F3CB00E6640A /* Resources */,
			);
			buildRules = (
			);
			dependencies = (
				913A5E251AF7F3CB00E6640A /* PBXTargetDependency */,
			);
			name = SimpleButtonsTests;
			productName = SimpleButtonsTests;
			productReference = 913A5E231AF7F3CB00E6640A /* SimpleButtonsTests.xctest */;
			productType = "com.apple.product-type.bundle.unit-test";
		};
/* End PBXNativeTarget section */

/* Begin PBXProject section */
		913A5E061AF7F3CB00E6640A /* Project object */ = {
			isa = PBXProject;
			attributes = {
				LastUpgradeCheck = 0630;
				ORGANIZATIONNAME = "Kyle Brooks Robinson";
				TargetAttributes = {
					913A5E0D1AF7F3CB00E6640A = {
						CreatedOnToolsVersion = 6.3.1;
					};
					913A5E221AF7F3CB00E6640A = {
						CreatedOnToolsVersion = 6.3.1;
						TestTargetID = 913A5E0D1AF7F3CB00E6640A;
					};
				};
			};
			buildConfigurationList = 913A5E091AF7F3CB00E6640A /* Build configuration list for PBXProject "SimpleButtons" */;
			compatibilityVersion = "Xcode 3.2";
			developmentRegion = English;
			hasScannedForEncodings = 0;
			knownRegions = (
				en,
				Base,
			);
			mainGroup = 913A5E051AF7F3CB00E6640A;
			productRefGroup = 913A5E0F1AF7F3CB00E6640A /* Products */;
			projectDirPath = "";
			projectRoot = "";
			targets = (
				913A5E0D1AF7F3CB00E6640A /* SimpleButtons */,
				913A5E221AF7F3CB00E6640A /* SimpleButtonsTests */,
			);
		};
/* End PBXProject section */

/* Begin PBXResourcesBuildPhase section */
		913A5E0C1AF7F3CB00E6640A /* Resources */ = {
			isa = PBXResourcesBuildPhase;
			buildActionMask = 2147483647;
			files = (
				913A5E191AF7F3CB00E6640A /* Main.storyboard in Resources */,
				913A5E1E1AF7F3CB00E6640A /* LaunchScreen.xib in Resources */,
				913A5E1B1AF7F3CB00E6640A /* Images.xcassets in Resources */,
			);
			runOnlyForDeploymentPostprocessing = 0;
		};
		913A5E211AF7F3CB00E6640A /* Resources */ = {
			isa = PBXResourcesBuildPhase;
			buildActionMask = 2147483647;
			files = (
			);
			runOnlyForDeploymentPostprocessing = 0;
		};
/* End PBXResourcesBuildPhase section */

/* Begin PBXSourcesBuildPhase section */
		913A5E0A1AF7F3CB00E6640A /* Sources */ = {
			isa = PBXSourcesBuildPhase;
			buildActionMask = 2147483647;
			files = (
				913A5E161AF7F3CB00E6640A /* ViewController.swift in Sources */,
				913A5E141AF7F3CB00E6640A /* AppDelegate.swift in Sources */,
			);
			runOnlyForDeploymentPostprocessing = 0;
		};
		913A5E1F1AF7F3CB00E6640A /* Sources */ = {
			isa = PBXSourcesBuildPhase;
			buildActionMask = 2147483647;
			files = (
				913A5E2A1AF7F3CB00E6640A /* SimpleButtonsTests.swift in Sources */,
			);
			runOnlyForDeploymentPostprocessing = 0;
		};
/* End PBXSourcesBuildPhase section */

/* Begin PBXTargetDependency section */
		913A5E251AF7F3CB00E6640A /* PBXTargetDependency */ = {
			isa = PBXTargetDependency;
			target = 913A5E0D1AF7F3CB00E6640A /* SimpleButtons */;
			targetProxy = 913A5E241AF7F3CB00E6640A /* PBXContainerItemProxy */;
		};
/* End PBXTargetDependency section */

/* Begin PBXVariantGroup section */
		913A5E171AF7F3CB00E6640A /* Main.storyboard */ = {
			isa = PBXVariantGroup;
			children = (
				913A5E181AF7F3CB00E6640A /* Base */,
			);
			name = Main.storyboard;
			sourceTree = "<group>";
		};
		913A5E1C1AF7F3CB00E6640A /* LaunchScreen.xib */ = {
			isa = PBXVariantGroup;
			children = (
				913A5E1D1AF7F3CB00E6640A /* Base */,
			);
			name = LaunchScreen.xib;
			sourceTree = "<group>";
		};
/* End PBXVariantGroup section */

/* Begin XCBuildConfiguration section */
		913A5E2B1AF7F3CB00E6640A /* Debug */ = {
			isa = XCBuildConfiguration;
			buildSettings = {
				ALWAYS_SEARCH_USER_PATHS = NO;
				CLANG_CXX_LANGUAGE_STANDARD = "gnu++0x";
				CLANG_CXX_LIBRARY = "libc++";
				CLANG_ENABLE_MODULES = YES;
				CLANG_ENABLE_OBJC_ARC = YES;
				CLANG_WARN_BOOL_CONVERSION = YES;
				CLANG_WARN_CONSTANT_CONVERSION = YES;
				CLANG_WARN_DIRECT_OBJC_ISA_USAGE = YES_ERROR;
				CLANG_WARN_EMPTY_BODY = YES;
				CLANG_WARN_ENUM_CONVERSION = YES;
				CLANG_WARN_INT_CONVERSION = YES;
				CLANG_WARN_OBJC_ROOT_CLASS = YES_ERROR;
				CLANG_WARN_UNREACHABLE_CODE = YES;
				CLANG_WARN__DUPLICATE_METHOD_MATCH = YES;
				"CODE_SIGN_IDENTITY[sdk=iphoneos*]" = "iPhone Developer";
				COPY_PHASE_STRIP = NO;
				DEBUG_INFORMATION_FORMAT = "dwarf-with-dsym";
				ENABLE_STRICT_OBJC_MSGSEND = YES;
				GCC_C_LANGUAGE_STANDARD = gnu99;
				GCC_DYNAMIC_NO_PIC = NO;
				GCC_NO_COMMON_BLOCKS = YES;
				GCC_OPTIMIZATION_LEVEL = 0;
				GCC_PREPROCESSOR_DEFINITIONS = (
					"DEBUG=1",
					"$(inherited)",
				);
				GCC_SYMBOLS_PRIVATE_EXTERN = NO;
				GCC_WARN_64_TO_32_BIT_CONVERSION = YES;
				GCC_WARN_ABOUT_RETURN_TYPE = YES_ERROR;
				GCC_WARN_UNDECLARED_SELECTOR = YES;
				GCC_WARN_UNINITIALIZED_AUTOS = YES_AGGRESSIVE;
				GCC_WARN_UNUSED_FUNCTION = YES;
				GCC_WARN_UNUSED_VARIABLE = YES;
				IPHONEOS_DEPLOYMENT_TARGET = 8.3;
				MTL_ENABLE_DEBUG_INFO = YES;
				ONLY_ACTIVE_ARCH = YES;
				SDKROOT = iphoneos;
				SWIFT_OPTIMIZATION_LEVEL = "-Onone";
			};
			name = Debug;
		};
		913A5E2C1AF7F3CB00E6640A /* Release */ = {
			isa = XCBuildConfiguration;
			buildSettings = {
				ALWAYS_SEARCH_USER_PATHS = NO;
				CLANG_CXX_LANGUAGE_STANDARD = "gnu++0x";
				CLANG_CXX_LIBRARY = "libc++";
				CLANG_ENABLE_MODULES = YES;
				CLANG_ENABLE_OBJC_ARC = YES;
				CLANG_WARN_BOOL_CONVERSION = YES;
				CLANG_WARN_CONSTANT_CONVERSION = YES;
				CLANG_WARN_DIRECT_OBJC_ISA_USAGE = YES_ERROR;
				CLANG_WARN_EMPTY_BODY = YES;
				CLANG_WARN_ENUM_CONVERSION = YES;
				CLANG_WARN_INT_CONVERSION = YES;
				CLANG_WARN_OBJC_ROOT_CLASS = YES_ERROR;
				CLANG_WARN_UNREACHABLE_CODE = YES;
				CLANG_WARN__DUPLICATE_METHOD_MATCH = YES;
				"CODE_SIGN_IDENTITY[sdk=iphoneos*]" = "iPhone Developer";
				COPY_PHASE_STRIP = NO;
				DEBUG_INFORMATION_FORMAT = "dwarf-with-dsym";
				ENABLE_NS_ASSERTIONS = NO;
				ENABLE_STRICT_OBJC_MSGSEND = YES;
				GCC_C_LANGUAGE_STANDARD = gnu99;
				GCC_NO_COMMON_BLOCKS = YES;
				GCC_WARN_64_TO_32_BIT_CONVERSION = YES;
				GCC_WARN_ABOUT_RETURN_TYPE = YES_ERROR;
				GCC_WARN_UNDECLARED_SELECTOR = YES;
				GCC_WARN_UNINITIALIZED_AUTOS = YES_AGGRESSIVE;
				GCC_WARN_UNUSED_FUNCTION = YES;
				GCC_WARN_UNUSED_VARIABLE = YES;
				IPHONEOS_DEPLOYMENT_TARGET = 8.3;
				MTL_ENABLE_DEBUG_INFO = NO;
				SDKROOT = iphoneos;
				VALIDATE_PRODUCT = YES;
			};
			name = Release;
		};
		913A5E2E1AF7F3CB00E6640A /* Debug */ = {
			isa = XCBuildConfiguration;
			buildSettings = {
				ASSETCATALOG_COMPILER_APPICON_NAME = AppIcon;
				INFOPLIST_FILE = SimpleButtons/Info.plist;
				LD_RUNPATH_SEARCH_PATHS = "$(inherited) @executable_path/Frameworks";
				PRODUCT_NAME = "$(TARGET_NAME)";
			};
			name = Debug;
		};
		913A5E2F1AF7F3CB00E6640A /* Release */ = {
			isa = XCBuildConfiguration;
			buildSettings = {
				ASSETCATALOG_COMPILER_APPICON_NAME = AppIcon;
				INFOPLIST_FILE = SimpleButtons/Info.plist;
				LD_RUNPATH_SEARCH_PATHS = "$(inherited) @executable_path/Frameworks";
				PRODUCT_NAME = "$(TARGET_NAME)";
			};
			name = Release;
		};
		913A5E311AF7F3CB00E6640A /* Debug */ = {
			isa = XCBuildConfiguration;
			buildSettings = {
				BUNDLE_LOADER = "$(TEST_HOST)";
				FRAMEWORK_SEARCH_PATHS = (
					"$(SDKROOT)/Developer/Library/Frameworks",
					"$(inherited)",
				);
				GCC_PREPROCESSOR_DEFINITIONS = (
					"DEBUG=1",
					"$(inherited)",
				);
				INFOPLIST_FILE = SimpleButtonsTests/Info.plist;
				LD_RUNPATH_SEARCH_PATHS = "$(inherited) @executable_path/Frameworks @loader_path/Frameworks";
				PRODUCT_NAME = "$(TARGET_NAME)";
				TEST_HOST = "$(BUILT_PRODUCTS_DIR)/SimpleButtons.app/SimpleButtons";
			};
			name = Debug;
		};
		913A5E321AF7F3CB00E6640A /* Release */ = {
			isa = XCBuildConfiguration;
			buildSettings = {
				BUNDLE_LOADER = "$(TEST_HOST)";
				FRAMEWORK_SEARCH_PATHS = (
					"$(SDKROOT)/Developer/Library/Frameworks",
					"$(inherited)",
				);
				INFOPLIST_FILE = SimpleButtonsTests/Info.plist;
				LD_RUNPATH_SEARCH_PATHS = "$(inherited) @executable_path/Frameworks @loader_path/Frameworks";
				PRODUCT_NAME = "$(TARGET_NAME)";
				TEST_HOST = "$(BUILT_PRODUCTS_DIR)/SimpleButtons.app/SimpleButtons";
			};
			name = Release;
		};
/* End XCBuildConfiguration section */

/* Begin XCConfigurationList section */
		913A5E091AF7F3CB00E6640A /* Build configuration list for PBXProject "SimpleButtons" */ = {
			isa = XCConfigurationList;
			buildConfigurations = (
				913A5E2B1AF7F3CB00E6640A /* Debug */,
				913A5E2C1AF7F3CB00E6640A /* Release */,
			);
			defaultConfigurationIsVisible = 0;
			defaultConfigurationName = Release;
		};
		913A5E2D1AF7F3CB00E6640A /* Build configuration list for PBXNativeTarget "SimpleButtons" */ = {
			isa = XCConfigurationList;
			buildConfigurations = (
				913A5E2E1AF7F3CB00E6640A /* Debug */,
				913A5E2F1AF7F3CB00E6640A /* Release */,
			);
			defaultConfigurationIsVisible = 0;
		};
		913A5E301AF7F3CB00E6640A /* Build configuration list for PBXNativeTarget "SimpleButtonsTests" */ = {
			isa = XCConfigurationList;
			buildConfigurations = (
				913A5E311AF7F3CB00E6640A /* Debug */,
				913A5E321AF7F3CB00E6640A /* Release */,
			);
			defaultConfigurationIsVisible = 0;
		};
/* End XCConfigurationList section */
	};
	rootObject = 913A5E061AF7F3CB00E6640A /* Project object */;
}
