// !$*UTF8*$!
{
	archiveVersion = 1;
	classes = {
	};
	objectVersion = 46;
	objects = {

/* Begin PBXBuildFile section */
		9100AAD81AFBAC8900A52A40 /* AppDelegate.swift in Sources */ = {isa = PBXBuildFile; fileRef = 9100AAD71AFBAC8900A52A40 /* AppDelegate.swift */; };
		9100AADA1AFBAC8900A52A40 /* ViewController.swift in Sources */ = {isa = PBXBuildFile; fileRef = 9100AAD91AFBAC8900A52A40 /* ViewController.swift */; };
		9100AADF1AFBAC8A00A52A40 /* Images.xcassets in Resources */ = {isa = PBXBuildFile; fileRef = 9100AADE1AFBAC8A00A52A40 /* Images.xcassets */; };
		9100AAE21AFBAC8A00A52A40 /* LaunchScreen.xib in Resources */ = {isa = PBXBuildFile; fileRef = 9100AAE01AFBAC8A00A52A40 /* LaunchScreen.xib */; };
		9100AAEE1AFBAC8A00A52A40 /* FromScratchTests.swift in Sources */ = {isa = PBXBuildFile; fileRef = 9100AAED1AFBAC8A00A52A40 /* FromScratchTests.swift */; };
		9100AAF81AFBEBA700A52A40 /* RadView.swift in Sources */ = {isa = PBXBuildFile; fileRef = 9100AAF71AFBEBA700A52A40 /* RadView.swift */; };
		9100AAFA1AFC0A8600A52A40 /* UIViewExtensions.swift in Sources */ = {isa = PBXBuildFile; fileRef = 9100AAF91AFC0A8600A52A40 /* UIViewExtensions.swift */; };
/* End PBXBuildFile section */

/* Begin PBXContainerItemProxy section */
		9100AAE81AFBAC8A00A52A40 /* PBXContainerItemProxy */ = {
			isa = PBXContainerItemProxy;
			containerPortal = 9100AACA1AFBAC8900A52A40 /* Project object */;
			proxyType = 1;
			remoteGlobalIDString = 9100AAD11AFBAC8900A52A40;
			remoteInfo = FromScratch;
		};
/* End PBXContainerItemProxy section */

/* Begin PBXFileReference section */
		9100AAD21AFBAC8900A52A40 /* FromScratch.app */ = {isa = PBXFileReference; explicitFileType = wrapper.application; includeInIndex = 0; path = FromScratch.app; sourceTree = BUILT_PRODUCTS_DIR; };
		9100AAD61AFBAC8900A52A40 /* Info.plist */ = {isa = PBXFileReference; lastKnownFileType = text.plist.xml; path = Info.plist; sourceTree = "<group>"; };
		9100AAD71AFBAC8900A52A40 /* AppDelegate.swift */ = {isa = PBXFileReference; lastKnownFileType = sourcecode.swift; path = AppDelegate.swift; sourceTree = "<group>"; };
		9100AAD91AFBAC8900A52A40 /* ViewController.swift */ = {isa = PBXFileReference; lastKnownFileType = sourcecode.swift; path = ViewController.swift; sourceTree = "<group>"; };
		9100AADE1AFBAC8A00A52A40 /* Images.xcassets */ = {isa = PBXFileReference; lastKnownFileType = folder.assetcatalog; path = Images.xcassets; sourceTree = "<group>"; };
		9100AAE11AFBAC8A00A52A40 /* Base */ = {isa = PBXFileReference; lastKnownFileType = file.xib; name = Base; path = Base.lproj/LaunchScreen.xib; sourceTree = "<group>"; };
		9100AAE71AFBAC8A00A52A40 /* FromScratchTests.xctest */ = {isa = PBXFileReference; explicitFileType = wrapper.cfbundle; includeInIndex = 0; path = FromScratchTests.xctest; sourceTree = BUILT_PRODUCTS_DIR; };
		9100AAEC1AFBAC8A00A52A40 /* Info.plist */ = {isa = PBXFileReference; lastKnownFileType = text.plist.xml; path = Info.plist; sourceTree = "<group>"; };
		9100AAED1AFBAC8A00A52A40 /* FromScratchTests.swift */ = {isa = PBXFileReference; lastKnownFileType = sourcecode.swift; path = FromScratchTests.swift; sourceTree = "<group>"; };
		9100AAF71AFBEBA700A52A40 /* RadView.swift */ = {isa = PBXFileReference; fileEncoding = 4; lastKnownFileType = sourcecode.swift; path = RadView.swift; sourceTree = "<group>"; };
		9100AAF91AFC0A8600A52A40 /* UIViewExtensions.swift */ = {isa = PBXFileReference; fileEncoding = 4; lastKnownFileType = sourcecode.swift; path = UIViewExtensions.swift; sourceTree = "<group>"; };
/* End PBXFileReference section */

/* Begin PBXFrameworksBuildPhase section */
		9100AACF1AFBAC8900A52A40 /* Frameworks */ = {
			isa = PBXFrameworksBuildPhase;
			buildActionMask = 2147483647;
			files = (
			);
			runOnlyForDeploymentPostprocessing = 0;
		};
		9100AAE41AFBAC8A00A52A40 /* Frameworks */ = {
			isa = PBXFrameworksBuildPhase;
			buildActionMask = 2147483647;
			files = (
			);
			runOnlyForDeploymentPostprocessing = 0;
		};
/* End PBXFrameworksBuildPhase section */

/* Begin PBXGroup section */
		9100AAC91AFBAC8900A52A40 = {
			isa = PBXGroup;
			children = (
				9100AAD41AFBAC8900A52A40 /* FromScratch */,
				9100AAEA1AFBAC8A00A52A40 /* FromScratchTests */,
				9100AAD31AFBAC8900A52A40 /* Products */,
			);
			sourceTree = "<group>";
		};
		9100AAD31AFBAC8900A52A40 /* Products */ = {
			isa = PBXGroup;
			children = (
				9100AAD21AFBAC8900A52A40 /* FromScratch.app */,
				9100AAE71AFBAC8A00A52A40 /* FromScratchTests.xctest */,
			);
			name = Products;
			sourceTree = "<group>";
		};
		9100AAD41AFBAC8900A52A40 /* FromScratch */ = {
			isa = PBXGroup;
			children = (
				9100AAD71AFBAC8900A52A40 /* AppDelegate.swift */,
				9100AAD91AFBAC8900A52A40 /* ViewController.swift */,
				9100AAF71AFBEBA700A52A40 /* RadView.swift */,
				9100AAF91AFC0A8600A52A40 /* UIViewExtensions.swift */,
				9100AADE1AFBAC8A00A52A40 /* Images.xcassets */,
				9100AAE01AFBAC8A00A52A40 /* LaunchScreen.xib */,
				9100AAD51AFBAC8900A52A40 /* Supporting Files */,
			);
			path = FromScratch;
			sourceTree = "<group>";
		};
		9100AAD51AFBAC8900A52A40 /* Supporting Files */ = {
			isa = PBXGroup;
			children = (
				9100AAD61AFBAC8900A52A40 /* Info.plist */,
			);
			name = "Supporting Files";
			sourceTree = "<group>";
		};
		9100AAEA1AFBAC8A00A52A40 /* FromScratchTests */ = {
			isa = PBXGroup;
			children = (
				9100AAED1AFBAC8A00A52A40 /* FromScratchTests.swift */,
				9100AAEB1AFBAC8A00A52A40 /* Supporting Files */,
			);
			path = FromScratchTests;
			sourceTree = "<group>";
		};
		9100AAEB1AFBAC8A00A52A40 /* Supporting Files */ = {
			isa = PBXGroup;
			children = (
				9100AAEC1AFBAC8A00A52A40 /* Info.plist */,
			);
			name = "Supporting Files";
			sourceTree = "<group>";
		};
/* End PBXGroup section */

/* Begin PBXNativeTarget section */
		9100AAD11AFBAC8900A52A40 /* FromScratch */ = {
			isa = PBXNativeTarget;
			buildConfigurationList = 9100AAF11AFBAC8A00A52A40 /* Build configuration list for PBXNativeTarget "FromScratch" */;
			buildPhases = (
				9100AACE1AFBAC8900A52A40 /* Sources */,
				9100AACF1AFBAC8900A52A40 /* Frameworks */,
				9100AAD01AFBAC8900A52A40 /* Resources */,
			);
			buildRules = (
			);
			dependencies = (
			);
			name = FromScratch;
			productName = FromScratch;
			productReference = 9100AAD21AFBAC8900A52A40 /* FromScratch.app */;
			productType = "com.apple.product-type.application";
		};
		9100AAE61AFBAC8A00A52A40 /* FromScratchTests */ = {
			isa = PBXNativeTarget;
			buildConfigurationList = 9100AAF41AFBAC8A00A52A40 /* Build configuration list for PBXNativeTarget "FromScratchTests" */;
			buildPhases = (
				9100AAE31AFBAC8A00A52A40 /* Sources */,
				9100AAE41AFBAC8A00A52A40 /* Frameworks */,
				9100AAE51AFBAC8A00A52A40 /* Resources */,
			);
			buildRules = (
			);
			dependencies = (
				9100AAE91AFBAC8A00A52A40 /* PBXTargetDependency */,
			);
			name = FromScratchTests;
			productName = FromScratchTests;
			productReference = 9100AAE71AFBAC8A00A52A40 /* FromScratchTests.xctest */;
			productType = "com.apple.product-type.bundle.unit-test";
		};
/* End PBXNativeTarget section */

/* Begin PBXProject section */
		9100AACA1AFBAC8900A52A40 /* Project object */ = {
			isa = PBXProject;
			attributes = {
				LastUpgradeCheck = 0630;
				ORGANIZATIONNAME = "Kyle Brooks Robinson";
				TargetAttributes = {
					9100AAD11AFBAC8900A52A40 = {
						CreatedOnToolsVersion = 6.3.1;
					};
					9100AAE61AFBAC8A00A52A40 = {
						CreatedOnToolsVersion = 6.3.1;
						TestTargetID = 9100AAD11AFBAC8900A52A40;
					};
				};
			};
			buildConfigurationList = 9100AACD1AFBAC8900A52A40 /* Build configuration list for PBXProject "FromScratch" */;
			compatibilityVersion = "Xcode 3.2";
			developmentRegion = English;
			hasScannedForEncodings = 0;
			knownRegions = (
				en,
				Base,
			);
			mainGroup = 9100AAC91AFBAC8900A52A40;
			productRefGroup = 9100AAD31AFBAC8900A52A40 /* Products */;
			projectDirPath = "";
			projectRoot = "";
			targets = (
				9100AAD11AFBAC8900A52A40 /* FromScratch */,
				9100AAE61AFBAC8A00A52A40 /* FromScratchTests */,
			);
		};
/* End PBXProject section */

/* Begin PBXResourcesBuildPhase section */
		9100AAD01AFBAC8900A52A40 /* Resources */ = {
			isa = PBXResourcesBuildPhase;
			buildActionMask = 2147483647;
			files = (
				9100AAE21AFBAC8A00A52A40 /* LaunchScreen.xib in Resources */,
				9100AADF1AFBAC8A00A52A40 /* Images.xcassets in Resources */,
			);
			runOnlyForDeploymentPostprocessing = 0;
		};
		9100AAE51AFBAC8A00A52A40 /* Resources */ = {
			isa = PBXResourcesBuildPhase;
			buildActionMask = 2147483647;
			files = (
			);
			runOnlyForDeploymentPostprocessing = 0;
		};
/* End PBXResourcesBuildPhase section */

/* Begin PBXSourcesBuildPhase section */
		9100AACE1AFBAC8900A52A40 /* Sources */ = {
			isa = PBXSourcesBuildPhase;
			buildActionMask = 2147483647;
			files = (
				9100AADA1AFBAC8900A52A40 /* ViewController.swift in Sources */,
				9100AAF81AFBEBA700A52A40 /* RadView.swift in Sources */,
				9100AAFA1AFC0A8600A52A40 /* UIViewExtensions.swift in Sources */,
				9100AAD81AFBAC8900A52A40 /* AppDelegate.swift in Sources */,
			);
			runOnlyForDeploymentPostprocessing = 0;
		};
		9100AAE31AFBAC8A00A52A40 /* Sources */ = {
			isa = PBXSourcesBuildPhase;
			buildActionMask = 2147483647;
			files = (
				9100AAEE1AFBAC8A00A52A40 /* FromScratchTests.swift in Sources */,
			);
			runOnlyForDeploymentPostprocessing = 0;
		};
/* End PBXSourcesBuildPhase section */

/* Begin PBXTargetDependency section */
		9100AAE91AFBAC8A00A52A40 /* PBXTargetDependency */ = {
			isa = PBXTargetDependency;
			target = 9100AAD11AFBAC8900A52A40 /* FromScratch */;
			targetProxy = 9100AAE81AFBAC8A00A52A40 /* PBXContainerItemProxy */;
		};
/* End PBXTargetDependency section */

/* Begin PBXVariantGroup section */
		9100AAE01AFBAC8A00A52A40 /* LaunchScreen.xib */ = {
			isa = PBXVariantGroup;
			children = (
				9100AAE11AFBAC8A00A52A40 /* Base */,
			);
			name = LaunchScreen.xib;
			sourceTree = "<group>";
		};
/* End PBXVariantGroup section */

/* Begin XCBuildConfiguration section */
		9100AAEF1AFBAC8A00A52A40 /* Debug */ = {
			isa = XCBuildConfiguration;
			buildSettings = {
				ALWAYS_SEARCH_USER_PATHS = NO;
				CLANG_CXX_LANGUAGE_STANDARD = "gnu++0x";
				CLANG_CXX_LIBRARY = "libc++";
				CLANG_ENABLE_MODULES = YES;
				CLANG_ENABLE_OBJC_ARC = YES;
				CLANG_WARN_BOOL_CONVERSION = YES;
				CLANG_WARN_CONSTANT_CONVERSION = YES;
				CLANG_WARN_DIRECT_OBJC_ISA_USAGE = YES_ERROR;
				CLANG_WARN_EMPTY_BODY = YES;
				CLANG_WARN_ENUM_CONVERSION = YES;
				CLANG_WARN_INT_CONVERSION = YES;
				CLANG_WARN_OBJC_ROOT_CLASS = YES_ERROR;
				CLANG_WARN_UNREACHABLE_CODE = YES;
				CLANG_WARN__DUPLICATE_METHOD_MATCH = YES;
				"CODE_SIGN_IDENTITY[sdk=iphoneos*]" = "iPhone Developer";
				COPY_PHASE_STRIP = NO;
				DEBUG_INFORMATION_FORMAT = "dwarf-with-dsym";
				ENABLE_STRICT_OBJC_MSGSEND = YES;
				GCC_C_LANGUAGE_STANDARD = gnu99;
				GCC_DYNAMIC_NO_PIC = NO;
				GCC_NO_COMMON_BLOCKS = YES;
				GCC_OPTIMIZATION_LEVEL = 0;
				GCC_PREPROCESSOR_DEFINITIONS = (
					"DEBUG=1",
					"$(inherited)",
				);
				GCC_SYMBOLS_PRIVATE_EXTERN = NO;
				GCC_WARN_64_TO_32_BIT_CONVERSION = YES;
				GCC_WARN_ABOUT_RETURN_TYPE = YES_ERROR;
				GCC_WARN_UNDECLARED_SELECTOR = YES;
				GCC_WARN_UNINITIALIZED_AUTOS = YES_AGGRESSIVE;
				GCC_WARN_UNUSED_FUNCTION = YES;
				GCC_WARN_UNUSED_VARIABLE = YES;
				IPHONEOS_DEPLOYMENT_TARGET = 8.3;
				MTL_ENABLE_DEBUG_INFO = YES;
				ONLY_ACTIVE_ARCH = YES;
				SDKROOT = iphoneos;
				SWIFT_OPTIMIZATION_LEVEL = "-Onone";
			};
			name = Debug;
		};
		9100AAF01AFBAC8A00A52A40 /* Release */ = {
			isa = XCBuildConfiguration;
			buildSettings = {
				ALWAYS_SEARCH_USER_PATHS = NO;
				CLANG_CXX_LANGUAGE_STANDARD = "gnu++0x";
				CLANG_CXX_LIBRARY = "libc++";
				CLANG_ENABLE_MODULES = YES;
				CLANG_ENABLE_OBJC_ARC = YES;
				CLANG_WARN_BOOL_CONVERSION = YES;
				CLANG_WARN_CONSTANT_CONVERSION = YES;
				CLANG_WARN_DIRECT_OBJC_ISA_USAGE = YES_ERROR;
				CLANG_WARN_EMPTY_BODY = YES;
				CLANG_WARN_ENUM_CONVERSION = YES;
				CLANG_WARN_INT_CONVERSION = YES;
				CLANG_WARN_OBJC_ROOT_CLASS = YES_ERROR;
				CLANG_WARN_UNREACHABLE_CODE = YES;
				CLANG_WARN__DUPLICATE_METHOD_MATCH = YES;
				"CODE_SIGN_IDENTITY[sdk=iphoneos*]" = "iPhone Developer";
				COPY_PHASE_STRIP = NO;
				DEBUG_INFORMATION_FORMAT = "dwarf-with-dsym";
				ENABLE_NS_ASSERTIONS = NO;
				ENABLE_STRICT_OBJC_MSGSEND = YES;
				GCC_C_LANGUAGE_STANDARD = gnu99;
				GCC_NO_COMMON_BLOCKS = YES;
				GCC_WARN_64_TO_32_BIT_CONVERSION = YES;
				GCC_WARN_ABOUT_RETURN_TYPE = YES_ERROR;
				GCC_WARN_UNDECLARED_SELECTOR = YES;
				GCC_WARN_UNINITIALIZED_AUTOS = YES_AGGRESSIVE;
				GCC_WARN_UNUSED_FUNCTION = YES;
				GCC_WARN_UNUSED_VARIABLE = YES;
				IPHONEOS_DEPLOYMENT_TARGET = 8.3;
				MTL_ENABLE_DEBUG_INFO = NO;
				SDKROOT = iphoneos;
				VALIDATE_PRODUCT = YES;
			};
			name = Release;
		};
		9100AAF21AFBAC8A00A52A40 /* Debug */ = {
			isa = XCBuildConfiguration;
			buildSettings = {
				ASSETCATALOG_COMPILER_APPICON_NAME = AppIcon;
				INFOPLIST_FILE = FromScratch/Info.plist;
				LD_RUNPATH_SEARCH_PATHS = "$(inherited) @executable_path/Frameworks";
				PRODUCT_NAME = "$(TARGET_NAME)";
			};
			name = Debug;
		};
		9100AAF31AFBAC8A00A52A40 /* Release */ = {
			isa = XCBuildConfiguration;
			buildSettings = {
				ASSETCATALOG_COMPILER_APPICON_NAME = AppIcon;
				INFOPLIST_FILE = FromScratch/Info.plist;
				LD_RUNPATH_SEARCH_PATHS = "$(inherited) @executable_path/Frameworks";
				PRODUCT_NAME = "$(TARGET_NAME)";
			};
			name = Release;
		};
		9100AAF51AFBAC8A00A52A40 /* Debug */ = {
			isa = XCBuildConfiguration;
			buildSettings = {
				BUNDLE_LOADER = "$(TEST_HOST)";
				FRAMEWORK_SEARCH_PATHS = (
					"$(SDKROOT)/Developer/Library/Frameworks",
					"$(inherited)",
				);
				GCC_PREPROCESSOR_DEFINITIONS = (
					"DEBUG=1",
					"$(inherited)",
				);
				INFOPLIST_FILE = FromScratchTests/Info.plist;
				LD_RUNPATH_SEARCH_PATHS = "$(inherited) @executable_path/Frameworks @loader_path/Frameworks";
				PRODUCT_NAME = "$(TARGET_NAME)";
				TEST_HOST = "$(BUILT_PRODUCTS_DIR)/FromScratch.app/FromScratch";
			};
			name = Debug;
		};
		9100AAF61AFBAC8A00A52A40 /* Release */ = {
			isa = XCBuildConfiguration;
			buildSettings = {
				BUNDLE_LOADER = "$(TEST_HOST)";
				FRAMEWORK_SEARCH_PATHS = (
					"$(SDKROOT)/Developer/Library/Frameworks",
					"$(inherited)",
				);
				INFOPLIST_FILE = FromScratchTests/Info.plist;
				LD_RUNPATH_SEARCH_PATHS = "$(inherited) @executable_path/Frameworks @loader_path/Frameworks";
				PRODUCT_NAME = "$(TARGET_NAME)";
				TEST_HOST = "$(BUILT_PRODUCTS_DIR)/FromScratch.app/FromScratch";
			};
			name = Release;
		};
/* End XCBuildConfiguration section */

/* Begin XCConfigurationList section */
		9100AACD1AFBAC8900A52A40 /* Build configuration list for PBXProject "FromScratch" */ = {
			isa = XCConfigurationList;
			buildConfigurations = (
				9100AAEF1AFBAC8A00A52A40 /* Debug */,
				9100AAF01AFBAC8A00A52A40 /* Release */,
			);
			defaultConfigurationIsVisible = 0;
			defaultConfigurationName = Release;
		};
		9100AAF11AFBAC8A00A52A40 /* Build configuration list for PBXNativeTarget "FromScratch" */ = {
			isa = XCConfigurationList;
			buildConfigurations = (
				9100AAF21AFBAC8A00A52A40 /* Debug */,
				9100AAF31AFBAC8A00A52A40 /* Release */,
			);
			defaultConfigurationIsVisible = 0;
		};
		9100AAF41AFBAC8A00A52A40 /* Build configuration list for PBXNativeTarget "FromScratchTests" */ = {
			isa = XCConfigurationList;
			buildConfigurations = (
				9100AAF51AFBAC8A00A52A40 /* Debug */,
				9100AAF61AFBAC8A00A52A40 /* Release */,
			);
			defaultConfigurationIsVisible = 0;
		};
/* End XCConfigurationList section */
	};
	rootObject = 9100AACA1AFBAC8900A52A40 /* Project object */;
}
