// !$*UTF8*$!
{
	archiveVersion = 1;
	classes = {
	};
	objectVersion = 46;
	objects = {

/* Begin PBXBuildFile section */
		91F87A151B175060009B920A /* AppDelegate.swift in Sources */ = {isa = PBXBuildFile; fileRef = 91F87A141B175060009B920A /* AppDelegate.swift */; };
		91F87A171B175060009B920A /* MasterViewController.swift in Sources */ = {isa = PBXBuildFile; fileRef = 91F87A161B175060009B920A /* MasterViewController.swift */; };
		91F87A191B175060009B920A /* DetailViewController.swift in Sources */ = {isa = PBXBuildFile; fileRef = 91F87A181B175060009B920A /* DetailViewController.swift */; };
		91F87A1C1B175060009B920A /* Main.storyboard in Resources */ = {isa = PBXBuildFile; fileRef = 91F87A1A1B175060009B920A /* Main.storyboard */; };
		91F87A1E1B175060009B920A /* Images.xcassets in Resources */ = {isa = PBXBuildFile; fileRef = 91F87A1D1B175060009B920A /* Images.xcassets */; };
		91F87A211B175061009B920A /* LaunchScreen.xib in Resources */ = {isa = PBXBuildFile; fileRef = 91F87A1F1B175061009B920A /* LaunchScreen.xib */; };
		91F87A2D1B175061009B920A /* TomodachiFriendsTests.swift in Sources */ = {isa = PBXBuildFile; fileRef = 91F87A2C1B175061009B920A /* TomodachiFriendsTests.swift */; };
		91F87A391B17529A009B920A /* Bolts.framework in Frameworks */ = {isa = PBXBuildFile; fileRef = 91F87A371B17529A009B920A /* Bolts.framework */; };
		91F87A3A1B17529A009B920A /* Parse.framework in Frameworks */ = {isa = PBXBuildFile; fileRef = 91F87A381B17529A009B920A /* Parse.framework */; };
		91F87A461B175366009B920A /* AudioToolbox.framework in Frameworks */ = {isa = PBXBuildFile; fileRef = 91F87A3B1B175366009B920A /* AudioToolbox.framework */; };
		91F87A471B175366009B920A /* CFNetwork.framework in Frameworks */ = {isa = PBXBuildFile; fileRef = 91F87A3C1B175366009B920A /* CFNetwork.framework */; };
		91F87A481B175366009B920A /* CoreGraphics.framework in Frameworks */ = {isa = PBXBuildFile; fileRef = 91F87A3D1B175366009B920A /* CoreGraphics.framework */; };
		91F87A491B175366009B920A /* CoreLocation.framework in Frameworks */ = {isa = PBXBuildFile; fileRef = 91F87A3E1B175366009B920A /* CoreLocation.framework */; };
		91F87A4A1B175366009B920A /* libsqlite3.dylib in Frameworks */ = {isa = PBXBuildFile; fileRef = 91F87A3F1B175366009B920A /* libsqlite3.dylib */; };
		91F87A4B1B175366009B920A /* libz.dylib in Frameworks */ = {isa = PBXBuildFile; fileRef = 91F87A401B175366009B920A /* libz.dylib */; };
		91F87A4C1B175366009B920A /* MobileCoreServices.framework in Frameworks */ = {isa = PBXBuildFile; fileRef = 91F87A411B175366009B920A /* MobileCoreServices.framework */; };
		91F87A4D1B175366009B920A /* QuartzCore.framework in Frameworks */ = {isa = PBXBuildFile; fileRef = 91F87A421B175366009B920A /* QuartzCore.framework */; };
		91F87A4E1B175366009B920A /* Security.framework in Frameworks */ = {isa = PBXBuildFile; fileRef = 91F87A431B175366009B920A /* Security.framework */; };
		91F87A4F1B175366009B920A /* StoreKit.framework in Frameworks */ = {isa = PBXBuildFile; fileRef = 91F87A441B175366009B920A /* StoreKit.framework */; };
		91F87A501B175366009B920A /* SystemConfiguration.framework in Frameworks */ = {isa = PBXBuildFile; fileRef = 91F87A451B175366009B920A /* SystemConfiguration.framework */; };
/* End PBXBuildFile section */

/* Begin PBXContainerItemProxy section */
		91F87A271B175061009B920A /* PBXContainerItemProxy */ = {
			isa = PBXContainerItemProxy;
			containerPortal = 91F87A071B175060009B920A /* Project object */;
			proxyType = 1;
			remoteGlobalIDString = 91F87A0E1B175060009B920A;
			remoteInfo = TomodachiFriends;
		};
/* End PBXContainerItemProxy section */

/* Begin PBXFileReference section */
		91F87A0F1B175060009B920A /* TomodachiFriends.app */ = {isa = PBXFileReference; explicitFileType = wrapper.application; includeInIndex = 0; path = TomodachiFriends.app; sourceTree = BUILT_PRODUCTS_DIR; };
		91F87A131B175060009B920A /* Info.plist */ = {isa = PBXFileReference; lastKnownFileType = text.plist.xml; path = Info.plist; sourceTree = "<group>"; };
		91F87A141B175060009B920A /* AppDelegate.swift */ = {isa = PBXFileReference; lastKnownFileType = sourcecode.swift; path = AppDelegate.swift; sourceTree = "<group>"; };
		91F87A161B175060009B920A /* MasterViewController.swift */ = {isa = PBXFileReference; lastKnownFileType = sourcecode.swift; path = MasterViewController.swift; sourceTree = "<group>"; };
		91F87A181B175060009B920A /* DetailViewController.swift */ = {isa = PBXFileReference; lastKnownFileType = sourcecode.swift; path = DetailViewController.swift; sourceTree = "<group>"; };
		91F87A1B1B175060009B920A /* Base */ = {isa = PBXFileReference; lastKnownFileType = file.storyboard; name = Base; path = Base.lproj/Main.storyboard; sourceTree = "<group>"; };
		91F87A1D1B175060009B920A /* Images.xcassets */ = {isa = PBXFileReference; lastKnownFileType = folder.assetcatalog; path = Images.xcassets; sourceTree = "<group>"; };
		91F87A201B175061009B920A /* Base */ = {isa = PBXFileReference; lastKnownFileType = file.xib; name = Base; path = Base.lproj/LaunchScreen.xib; sourceTree = "<group>"; };
		91F87A261B175061009B920A /* TomodachiFriendsTests.xctest */ = {isa = PBXFileReference; explicitFileType = wrapper.cfbundle; includeInIndex = 0; path = TomodachiFriendsTests.xctest; sourceTree = BUILT_PRODUCTS_DIR; };
		91F87A2B1B175061009B920A /* Info.plist */ = {isa = PBXFileReference; lastKnownFileType = text.plist.xml; path = Info.plist; sourceTree = "<group>"; };
		91F87A2C1B175061009B920A /* TomodachiFriendsTests.swift */ = {isa = PBXFileReference; lastKnownFileType = sourcecode.swift; path = TomodachiFriendsTests.swift; sourceTree = "<group>"; };
		91F87A371B17529A009B920A /* Bolts.framework */ = {isa = PBXFileReference; lastKnownFileType = wrapper.framework; path = Bolts.framework; sourceTree = "<group>"; };
		91F87A381B17529A009B920A /* Parse.framework */ = {isa = PBXFileReference; lastKnownFileType = wrapper.framework; path = Parse.framework; sourceTree = "<group>"; };
		91F87A3B1B175366009B920A /* AudioToolbox.framework */ = {isa = PBXFileReference; lastKnownFileType = wrapper.framework; name = AudioToolbox.framework; path = System/Library/Frameworks/AudioToolbox.framework; sourceTree = SDKROOT; };
		91F87A3C1B175366009B920A /* CFNetwork.framework */ = {isa = PBXFileReference; lastKnownFileType = wrapper.framework; name = CFNetwork.framework; path = System/Library/Frameworks/CFNetwork.framework; sourceTree = SDKROOT; };
		91F87A3D1B175366009B920A /* CoreGraphics.framework */ = {isa = PBXFileReference; lastKnownFileType = wrapper.framework; name = CoreGraphics.framework; path = System/Library/Frameworks/CoreGraphics.framework; sourceTree = SDKROOT; };
		91F87A3E1B175366009B920A /* CoreLocation.framework */ = {isa = PBXFileReference; lastKnownFileType = wrapper.framework; name = CoreLocation.framework; path = System/Library/Frameworks/CoreLocation.framework; sourceTree = SDKROOT; };
		91F87A3F1B175366009B920A /* libsqlite3.dylib */ = {isa = PBXFileReference; lastKnownFileType = "compiled.mach-o.dylib"; name = libsqlite3.dylib; path = usr/lib/libsqlite3.dylib; sourceTree = SDKROOT; };
		91F87A401B175366009B920A /* libz.dylib */ = {isa = PBXFileReference; lastKnownFileType = "compiled.mach-o.dylib"; name = libz.dylib; path = usr/lib/libz.dylib; sourceTree = SDKROOT; };
		91F87A411B175366009B920A /* MobileCoreServices.framework */ = {isa = PBXFileReference; lastKnownFileType = wrapper.framework; name = MobileCoreServices.framework; path = System/Library/Frameworks/MobileCoreServices.framework; sourceTree = SDKROOT; };
		91F87A421B175366009B920A /* QuartzCore.framework */ = {isa = PBXFileReference; lastKnownFileType = wrapper.framework; name = QuartzCore.framework; path = System/Library/Frameworks/QuartzCore.framework; sourceTree = SDKROOT; };
		91F87A431B175366009B920A /* Security.framework */ = {isa = PBXFileReference; lastKnownFileType = wrapper.framework; name = Security.framework; path = System/Library/Frameworks/Security.framework; sourceTree = SDKROOT; };
		91F87A441B175366009B920A /* StoreKit.framework */ = {isa = PBXFileReference; lastKnownFileType = wrapper.framework; name = StoreKit.framework; path = System/Library/Frameworks/StoreKit.framework; sourceTree = SDKROOT; };
		91F87A451B175366009B920A /* SystemConfiguration.framework */ = {isa = PBXFileReference; lastKnownFileType = wrapper.framework; name = SystemConfiguration.framework; path = System/Library/Frameworks/SystemConfiguration.framework; sourceTree = SDKROOT; };
/* End PBXFileReference section */

/* Begin PBXFrameworksBuildPhase section */
		91F87A0C1B175060009B920A /* Frameworks */ = {
			isa = PBXFrameworksBuildPhase;
			buildActionMask = 2147483647;
			files = (
				91F87A461B175366009B920A /* AudioToolbox.framework in Frameworks */,
				91F87A471B175366009B920A /* CFNetwork.framework in Frameworks */,
				91F87A481B175366009B920A /* CoreGraphics.framework in Frameworks */,
				91F87A491B175366009B920A /* CoreLocation.framework in Frameworks */,
				91F87A4A1B175366009B920A /* libsqlite3.dylib in Frameworks */,
				91F87A4B1B175366009B920A /* libz.dylib in Frameworks */,
				91F87A4C1B175366009B920A /* MobileCoreServices.framework in Frameworks */,
				91F87A4D1B175366009B920A /* QuartzCore.framework in Frameworks */,
				91F87A4E1B175366009B920A /* Security.framework in Frameworks */,
				91F87A4F1B175366009B920A /* StoreKit.framework in Frameworks */,
				91F87A501B175366009B920A /* SystemConfiguration.framework in Frameworks */,
				91F87A3A1B17529A009B920A /* Parse.framework in Frameworks */,
				91F87A391B17529A009B920A /* Bolts.framework in Frameworks */,
			);
			runOnlyForDeploymentPostprocessing = 0;
		};
		91F87A231B175061009B920A /* Frameworks */ = {
			isa = PBXFrameworksBuildPhase;
			buildActionMask = 2147483647;
			files = (
			);
			runOnlyForDeploymentPostprocessing = 0;
		};
/* End PBXFrameworksBuildPhase section */

/* Begin PBXGroup section */
		91F87A061B175060009B920A = {
			isa = PBXGroup;
			children = (
				91F87A111B175060009B920A /* TomodachiFriends */,
				91F87A361B17527D009B920A /* Frameworks */,
				91F87A291B175061009B920A /* TomodachiFriendsTests */,
				91F87A101B175060009B920A /* Products */,
			);
			sourceTree = "<group>";
		};
		91F87A101B175060009B920A /* Products */ = {
			isa = PBXGroup;
			children = (
				91F87A0F1B175060009B920A /* TomodachiFriends.app */,
				91F87A261B175061009B920A /* TomodachiFriendsTests.xctest */,
			);
			name = Products;
			sourceTree = "<group>";
		};
		91F87A111B175060009B920A /* TomodachiFriends */ = {
			isa = PBXGroup;
			children = (
				91F87A141B175060009B920A /* AppDelegate.swift */,
				91F87A161B175060009B920A /* MasterViewController.swift */,
				91F87A181B175060009B920A /* DetailViewController.swift */,
				91F87A1A1B175060009B920A /* Main.storyboard */,
				91F87A121B175060009B920A /* Supporting Files */,
			);
			path = TomodachiFriends;
			sourceTree = "<group>";
		};
		91F87A121B175060009B920A /* Supporting Files */ = {
			isa = PBXGroup;
			children = (
				91F87A1D1B175060009B920A /* Images.xcassets */,
				91F87A1F1B175061009B920A /* LaunchScreen.xib */,
				91F87A131B175060009B920A /* Info.plist */,
			);
			name = "Supporting Files";
			sourceTree = "<group>";
		};
		91F87A291B175061009B920A /* TomodachiFriendsTests */ = {
			isa = PBXGroup;
			children = (
				91F87A2C1B175061009B920A /* TomodachiFriendsTests.swift */,
				91F87A2A1B175061009B920A /* Supporting Files */,
			);
			path = TomodachiFriendsTests;
			sourceTree = "<group>";
		};
		91F87A2A1B175061009B920A /* Supporting Files */ = {
			isa = PBXGroup;
			children = (
				91F87A2B1B175061009B920A /* Info.plist */,
			);
			name = "Supporting Files";
			sourceTree = "<group>";
		};
		91F87A361B17527D009B920A /* Frameworks */ = {
			isa = PBXGroup;
			children = (
				91F87A3B1B175366009B920A /* AudioToolbox.framework */,
				91F87A3C1B175366009B920A /* CFNetwork.framework */,
				91F87A3D1B175366009B920A /* CoreGraphics.framework */,
				91F87A3E1B175366009B920A /* CoreLocation.framework */,
				91F87A3F1B175366009B920A /* libsqlite3.dylib */,
				91F87A401B175366009B920A /* libz.dylib */,
				91F87A411B175366009B920A /* MobileCoreServices.framework */,
				91F87A421B175366009B920A /* QuartzCore.framework */,
				91F87A431B175366009B920A /* Security.framework */,
				91F87A441B175366009B920A /* StoreKit.framework */,
				91F87A451B175366009B920A /* SystemConfiguration.framework */,
				91F87A371B17529A009B920A /* Bolts.framework */,
				91F87A381B17529A009B920A /* Parse.framework */,
			);
			name = Frameworks;
			sourceTree = "<group>";
		};
/* End PBXGroup section */

/* Begin PBXNativeTarget section */
		91F87A0E1B175060009B920A /* TomodachiFriends */ = {
			isa = PBXNativeTarget;
			buildConfigurationList = 91F87A301B175061009B920A /* Build configuration list for PBXNativeTarget "TomodachiFriends" */;
			buildPhases = (
				91F87A0B1B175060009B920A /* Sources */,
				91F87A0C1B175060009B920A /* Frameworks */,
				91F87A0D1B175060009B920A /* Resources */,
			);
			buildRules = (
			);
			dependencies = (
			);
			name = TomodachiFriends;
			productName = TomodachiFriends;
			productReference = 91F87A0F1B175060009B920A /* TomodachiFriends.app */;
			productType = "com.apple.product-type.application";
		};
		91F87A251B175061009B920A /* TomodachiFriendsTests */ = {
			isa = PBXNativeTarget;
			buildConfigurationList = 91F87A331B175061009B920A /* Build configuration list for PBXNativeTarget "TomodachiFriendsTests" */;
			buildPhases = (
				91F87A221B175061009B920A /* Sources */,
				91F87A231B175061009B920A /* Frameworks */,
				91F87A241B175061009B920A /* Resources */,
			);
			buildRules = (
			);
			dependencies = (
				91F87A281B175061009B920A /* PBXTargetDependency */,
			);
			name = TomodachiFriendsTests;
			productName = TomodachiFriendsTests;
			productReference = 91F87A261B175061009B920A /* TomodachiFriendsTests.xctest */;
			productType = "com.apple.product-type.bundle.unit-test";
		};
/* End PBXNativeTarget section */

/* Begin PBXProject section */
		91F87A071B175060009B920A /* Project object */ = {
			isa = PBXProject;
			attributes = {
				LastUpgradeCheck = 0630;
				ORGANIZATIONNAME = "Kyle Brooks Robinson";
				TargetAttributes = {
					91F87A0E1B175060009B920A = {
						CreatedOnToolsVersion = 6.3.1;
					};
					91F87A251B175061009B920A = {
						CreatedOnToolsVersion = 6.3.1;
						TestTargetID = 91F87A0E1B175060009B920A;
					};
				};
			};
			buildConfigurationList = 91F87A0A1B175060009B920A /* Build configuration list for PBXProject "TomodachiFriends" */;
			compatibilityVersion = "Xcode 3.2";
			developmentRegion = English;
			hasScannedForEncodings = 0;
			knownRegions = (
				en,
				Base,
			);
			mainGroup = 91F87A061B175060009B920A;
			productRefGroup = 91F87A101B175060009B920A /* Products */;
			projectDirPath = "";
			projectRoot = "";
			targets = (
				91F87A0E1B175060009B920A /* TomodachiFriends */,
				91F87A251B175061009B920A /* TomodachiFriendsTests */,
			);
		};
/* End PBXProject section */

/* Begin PBXResourcesBuildPhase section */
		91F87A0D1B175060009B920A /* Resources */ = {
			isa = PBXResourcesBuildPhase;
			buildActionMask = 2147483647;
			files = (
				91F87A1C1B175060009B920A /* Main.storyboard in Resources */,
				91F87A211B175061009B920A /* LaunchScreen.xib in Resources */,
				91F87A1E1B175060009B920A /* Images.xcassets in Resources */,
			);
			runOnlyForDeploymentPostprocessing = 0;
		};
		91F87A241B175061009B920A /* Resources */ = {
			isa = PBXResourcesBuildPhase;
			buildActionMask = 2147483647;
			files = (
			);
			runOnlyForDeploymentPostprocessing = 0;
		};
/* End PBXResourcesBuildPhase section */

/* Begin PBXSourcesBuildPhase section */
		91F87A0B1B175060009B920A /* Sources */ = {
			isa = PBXSourcesBuildPhase;
			buildActionMask = 2147483647;
			files = (
				91F87A191B175060009B920A /* DetailViewController.swift in Sources */,
				91F87A171B175060009B920A /* MasterViewController.swift in Sources */,
				91F87A151B175060009B920A /* AppDelegate.swift in Sources */,
			);
			runOnlyForDeploymentPostprocessing = 0;
		};
		91F87A221B175061009B920A /* Sources */ = {
			isa = PBXSourcesBuildPhase;
			buildActionMask = 2147483647;
			files = (
				91F87A2D1B175061009B920A /* TomodachiFriendsTests.swift in Sources */,
			);
			runOnlyForDeploymentPostprocessing = 0;
		};
/* End PBXSourcesBuildPhase section */

/* Begin PBXTargetDependency section */
		91F87A281B175061009B920A /* PBXTargetDependency */ = {
			isa = PBXTargetDependency;
			target = 91F87A0E1B175060009B920A /* TomodachiFriends */;
			targetProxy = 91F87A271B175061009B920A /* PBXContainerItemProxy */;
		};
/* End PBXTargetDependency section */

/* Begin PBXVariantGroup section */
		91F87A1A1B175060009B920A /* Main.storyboard */ = {
			isa = PBXVariantGroup;
			children = (
				91F87A1B1B175060009B920A /* Base */,
			);
			name = Main.storyboard;
			sourceTree = "<group>";
		};
		91F87A1F1B175061009B920A /* LaunchScreen.xib */ = {
			isa = PBXVariantGroup;
			children = (
				91F87A201B175061009B920A /* Base */,
			);
			name = LaunchScreen.xib;
			sourceTree = "<group>";
		};
/* End PBXVariantGroup section */

/* Begin XCBuildConfiguration section */
		91F87A2E1B175061009B920A /* Debug */ = {
			isa = XCBuildConfiguration;
			buildSettings = {
				ALWAYS_SEARCH_USER_PATHS = NO;
				CLANG_CXX_LANGUAGE_STANDARD = "gnu++0x";
				CLANG_CXX_LIBRARY = "libc++";
				CLANG_ENABLE_MODULES = YES;
				CLANG_ENABLE_OBJC_ARC = YES;
				CLANG_WARN_BOOL_CONVERSION = YES;
				CLANG_WARN_CONSTANT_CONVERSION = YES;
				CLANG_WARN_DIRECT_OBJC_ISA_USAGE = YES_ERROR;
				CLANG_WARN_EMPTY_BODY = YES;
				CLANG_WARN_ENUM_CONVERSION = YES;
				CLANG_WARN_INT_CONVERSION = YES;
				CLANG_WARN_OBJC_ROOT_CLASS = YES_ERROR;
				CLANG_WARN_UNREACHABLE_CODE = YES;
				CLANG_WARN__DUPLICATE_METHOD_MATCH = YES;
				"CODE_SIGN_IDENTITY[sdk=iphoneos*]" = "iPhone Developer";
				COPY_PHASE_STRIP = NO;
				DEBUG_INFORMATION_FORMAT = "dwarf-with-dsym";
				ENABLE_STRICT_OBJC_MSGSEND = YES;
				GCC_C_LANGUAGE_STANDARD = gnu99;
				GCC_DYNAMIC_NO_PIC = NO;
				GCC_NO_COMMON_BLOCKS = YES;
				GCC_OPTIMIZATION_LEVEL = 0;
				GCC_PREPROCESSOR_DEFINITIONS = (
					"DEBUG=1",
					"$(inherited)",
				);
				GCC_SYMBOLS_PRIVATE_EXTERN = NO;
				GCC_WARN_64_TO_32_BIT_CONVERSION = YES;
				GCC_WARN_ABOUT_RETURN_TYPE = YES_ERROR;
				GCC_WARN_UNDECLARED_SELECTOR = YES;
				GCC_WARN_UNINITIALIZED_AUTOS = YES_AGGRESSIVE;
				GCC_WARN_UNUSED_FUNCTION = YES;
				GCC_WARN_UNUSED_VARIABLE = YES;
				IPHONEOS_DEPLOYMENT_TARGET = 8.3;
				MTL_ENABLE_DEBUG_INFO = YES;
				ONLY_ACTIVE_ARCH = YES;
				SDKROOT = iphoneos;
				SWIFT_OPTIMIZATION_LEVEL = "-Onone";
				TARGETED_DEVICE_FAMILY = "1,2";
			};
			name = Debug;
		};
		91F87A2F1B175061009B920A /* Release */ = {
			isa = XCBuildConfiguration;
			buildSettings = {
				ALWAYS_SEARCH_USER_PATHS = NO;
				CLANG_CXX_LANGUAGE_STANDARD = "gnu++0x";
				CLANG_CXX_LIBRARY = "libc++";
				CLANG_ENABLE_MODULES = YES;
				CLANG_ENABLE_OBJC_ARC = YES;
				CLANG_WARN_BOOL_CONVERSION = YES;
				CLANG_WARN_CONSTANT_CONVERSION = YES;
				CLANG_WARN_DIRECT_OBJC_ISA_USAGE = YES_ERROR;
				CLANG_WARN_EMPTY_BODY = YES;
				CLANG_WARN_ENUM_CONVERSION = YES;
				CLANG_WARN_INT_CONVERSION = YES;
				CLANG_WARN_OBJC_ROOT_CLASS = YES_ERROR;
				CLANG_WARN_UNREACHABLE_CODE = YES;
				CLANG_WARN__DUPLICATE_METHOD_MATCH = YES;
				"CODE_SIGN_IDENTITY[sdk=iphoneos*]" = "iPhone Developer";
				COPY_PHASE_STRIP = NO;
				DEBUG_INFORMATION_FORMAT = "dwarf-with-dsym";
				ENABLE_NS_ASSERTIONS = NO;
				ENABLE_STRICT_OBJC_MSGSEND = YES;
				GCC_C_LANGUAGE_STANDARD = gnu99;
				GCC_NO_COMMON_BLOCKS = YES;
				GCC_WARN_64_TO_32_BIT_CONVERSION = YES;
				GCC_WARN_ABOUT_RETURN_TYPE = YES_ERROR;
				GCC_WARN_UNDECLARED_SELECTOR = YES;
				GCC_WARN_UNINITIALIZED_AUTOS = YES_AGGRESSIVE;
				GCC_WARN_UNUSED_FUNCTION = YES;
				GCC_WARN_UNUSED_VARIABLE = YES;
				IPHONEOS_DEPLOYMENT_TARGET = 8.3;
				MTL_ENABLE_DEBUG_INFO = NO;
				SDKROOT = iphoneos;
				TARGETED_DEVICE_FAMILY = "1,2";
				VALIDATE_PRODUCT = YES;
			};
			name = Release;
		};
		91F87A311B175061009B920A /* Debug */ = {
			isa = XCBuildConfiguration;
			buildSettings = {
				ASSETCATALOG_COMPILER_APPICON_NAME = AppIcon;
				FRAMEWORK_SEARCH_PATHS = (
					"$(inherited)",
					"$(PROJECT_DIR)",
				);
				INFOPLIST_FILE = TomodachiFriends/Info.plist;
				LD_RUNPATH_SEARCH_PATHS = "$(inherited) @executable_path/Frameworks";
				PRODUCT_NAME = "$(TARGET_NAME)";
			};
			name = Debug;
		};
		91F87A321B175061009B920A /* Release */ = {
			isa = XCBuildConfiguration;
			buildSettings = {
				ASSETCATALOG_COMPILER_APPICON_NAME = AppIcon;
				FRAMEWORK_SEARCH_PATHS = (
					"$(inherited)",
					"$(PROJECT_DIR)",
				);
				INFOPLIST_FILE = TomodachiFriends/Info.plist;
				LD_RUNPATH_SEARCH_PATHS = "$(inherited) @executable_path/Frameworks";
				PRODUCT_NAME = "$(TARGET_NAME)";
			};
			name = Release;
		};
		91F87A341B175061009B920A /* Debug */ = {
			isa = XCBuildConfiguration;
			buildSettings = {
				BUNDLE_LOADER = "$(TEST_HOST)";
				FRAMEWORK_SEARCH_PATHS = (
					"$(SDKROOT)/Developer/Library/Frameworks",
					"$(inherited)",
				);
				GCC_PREPROCESSOR_DEFINITIONS = (
					"DEBUG=1",
					"$(inherited)",
				);
				INFOPLIST_FILE = TomodachiFriendsTests/Info.plist;
				LD_RUNPATH_SEARCH_PATHS = "$(inherited) @executable_path/Frameworks @loader_path/Frameworks";
				PRODUCT_NAME = "$(TARGET_NAME)";
				TEST_HOST = "$(BUILT_PRODUCTS_DIR)/TomodachiFriends.app/TomodachiFriends";
			};
			name = Debug;
		};
		91F87A351B175061009B920A /* Release */ = {
			isa = XCBuildConfiguration;
			buildSettings = {
				BUNDLE_LOADER = "$(TEST_HOST)";
				FRAMEWORK_SEARCH_PATHS = (
					"$(SDKROOT)/Developer/Library/Frameworks",
					"$(inherited)",
				);
				INFOPLIST_FILE = TomodachiFriendsTests/Info.plist;
				LD_RUNPATH_SEARCH_PATHS = "$(inherited) @executable_path/Frameworks @loader_path/Frameworks";
				PRODUCT_NAME = "$(TARGET_NAME)";
				TEST_HOST = "$(BUILT_PRODUCTS_DIR)/TomodachiFriends.app/TomodachiFriends";
			};
			name = Release;
		};
/* End XCBuildConfiguration section */

/* Begin XCConfigurationList section */
		91F87A0A1B175060009B920A /* Build configuration list for PBXProject "TomodachiFriends" */ = {
			isa = XCConfigurationList;
			buildConfigurations = (
				91F87A2E1B175061009B920A /* Debug */,
				91F87A2F1B175061009B920A /* Release */,
			);
			defaultConfigurationIsVisible = 0;
			defaultConfigurationName = Release;
		};
		91F87A301B175061009B920A /* Build configuration list for PBXNativeTarget "TomodachiFriends" */ = {
			isa = XCConfigurationList;
			buildConfigurations = (
				91F87A311B175061009B920A /* Debug */,
				91F87A321B175061009B920A /* Release */,
			);
			defaultConfigurationIsVisible = 0;
		};
		91F87A331B175061009B920A /* Build configuration list for PBXNativeTarget "TomodachiFriendsTests" */ = {
			isa = XCConfigurationList;
			buildConfigurations = (
				91F87A341B175061009B920A /* Debug */,
				91F87A351B175061009B920A /* Release */,
			);
			defaultConfigurationIsVisible = 0;
		};
/* End XCConfigurationList section */
	};
	rootObject = 91F87A071B175060009B920A /* Project object */;
}
